<?xml version="1.0" encoding="utf-8"?>
<Project ToolsVersion="4.0" xmlns="http://schemas.microsoft.com/developer/msbuild/2003">
  <ItemGroup>
    <Filter Include="App-Server-RemotePython">
      <UniqueIdentifier>{0589d7f3-e4ae-48a1-84f8-4ec2bfdf264b}</UniqueIdentifier>
    </Filter>
  </ItemGroup>
  <ItemGroup>
    <ClCompile Include="..\..\..\App\Server\RemotePython\main.cpp">
      <Filter>App-Server-RemotePython</Filter>
    </ClCompile>
    <ClCompile Include="..\..\..\App\Server\RemotePython\Mipi.cpp">
      <Filter>App-Server-RemotePython</Filter>
    </ClCompile>
    <ClCompile Include="..\..\..\App\Server\RemotePython\Vlin1Adc.cpp">
      <Filter>App-Server-RemotePython</Filter>
    </ClCompile>
    <ClCompile Include="..\..\..\App\Server\RemotePython\TxtCmd.cpp">
      <Filter>App-Server-RemotePython</Filter>
    </ClCompile>
    <ClCompile Include="..\..\..\App\Server\RemotePython\Pattern.cpp">
      <Filter>App-Server-RemotePython</Filter>
    </ClCompile>
    <ClCompile Include="..\..\..\App\Server\RemotePython\Debug.cpp">
      <Filter>App-Server-RemotePython</Filter>
    </ClCompile>
    <ClCompile Include="..\..\..\App\Server\RemotePython\Sys.cpp">
      <Filter>App-Server-RemotePython</Filter>
    </ClCompile>
    <ClCompile Include="..\..\..\App\Server\RemotePython\DD.cpp">
      <Filter>App-Server-RemotePython</Filter>
    </ClCompile>
    <ClCompile Include="..\..\..\App\Server\RemotePython\VciAdc.cpp">
      <Filter>App-Server-RemotePython</Filter>
    </ClCompile>
    <ClCompile Include="..\..\..\App\Server\RemotePython\LdoAdc.cpp">
      <Filter>App-Server-RemotePython</Filter>
    </ClCompile>
    <ClCompile Include="..\..\..\App\Server\RemotePython\RegAdc.cpp">
      <Filter>App-Server-RemotePython</Filter>
    </ClCompile>
    <ClCompile Include="..\..\..\App\Server\RemotePython\SoutAdc.cpp">
      <Filter>App-Server-RemotePython</Filter>
    </ClCompile>
    <ClCompile Include="..\..\..\App\Server\RemotePython\Aging.cpp">
      <Filter>App-Server-RemotePython</Filter>
    </ClCompile>
  </ItemGroup>
  <ItemGroup>
    <ClInclude Include="..\..\..\App\Server\RemotePython\RemotePython.hpp">
      <Filter>App-Server-RemotePython</Filter>
    </ClInclude>
  </ItemGroup>
</Project>