<?xml version="1.0" encoding="utf-8"?>
<Project ToolsVersion="4.0" xmlns="http://schemas.microsoft.com/developer/msbuild/2003">
  <ItemGroup>
    <Filter Include="Header Files">
      <UniqueIdentifier>{93995380-89BD-4b04-88EB-625FBE52EBFB}</UniqueIdentifier>
      <Extensions>h;hh;hpp;hxx;h++;hm;inl;inc;ipp;xsd</Extensions>
    </Filter>
    <Filter Include="App-Tools-TMD2Python">
      <UniqueIdentifier>{11a97cb5-5641-4d49-9cd5-14b49dfdc6b9}</UniqueIdentifier>
    </Filter>
  </ItemGroup>
  <ItemGroup>
    <ClCompile Include="..\..\..\App\Tools\TMD2Python\main.cpp">
      <Filter>App-Tools-TMD2Python</Filter>
    </ClCompile>
  </ItemGroup>
</Project>