<?xml version="1.0" encoding="utf-8"?>
<Project ToolsVersion="4.0" xmlns="http://schemas.microsoft.com/developer/msbuild/2003">
  <ItemGroup>
    <Filter Include="App-Client-FileSync">
      <UniqueIdentifier>{45c2ddff-16cc-4c25-ad24-5712cdae47d3}</UniqueIdentifier>
    </Filter>
  </ItemGroup>
  <ItemGroup>
    <ClCompile Include="..\..\..\App\Client\FileSync\main.cpp">
      <Filter>App-Client-FileSync</Filter>
    </ClCompile>
  </ItemGroup>
  <ItemGroup>
    <ClInclude Include="..\..\..\App\Client\FileSync\FileSync.hpp">
      <Filter>App-Client-FileSync</Filter>
    </ClInclude>
  </ItemGroup>
</Project>