<?xml version="1.0" encoding="utf-8"?>
<Project ToolsVersion="4.0" xmlns="http://schemas.microsoft.com/developer/msbuild/2003">
  <ItemGroup>
    <Filter Include="Header Files">
      <UniqueIdentifier>{93995380-89BD-4b04-88EB-625FBE52EBFB}</UniqueIdentifier>
      <Extensions>h;hh;hpp;hxx;h++;hm;inl;inc;ipp;xsd</Extensions>
    </Filter>
    <Filter Include="Resource Files">
      <UniqueIdentifier>{67DA6AB6-F800-4c08-8B7A-83BB121AAD01}</UniqueIdentifier>
      <Extensions>rc;ico;cur;bmp;dlg;rc2;rct;bin;rgs;gif;jpg;jpeg;jpe;resx;tiff;tif;png;wav;mfcribbon-ms</Extensions>
    </Filter>
    <Filter Include="App-Control">
      <UniqueIdentifier>{2228c59c-7878-4ecc-8645-435fe02438ad}</UniqueIdentifier>
    </Filter>
    <Filter Include="App-Control\AAAAAA">
      <UniqueIdentifier>{0146a068-3d63-43c8-9bea-4b32f537f498}</UniqueIdentifier>
    </Filter>
    <Filter Include="App-Control\Shell">
      <UniqueIdentifier>{90f3ac23-8333-4b19-a204-4d934fc444a4}</UniqueIdentifier>
    </Filter>
    <Filter Include="App-Control\Opt_TESys_ControlShell">
      <UniqueIdentifier>{a499a7d8-4cad-4773-b0f5-8fc352331bec}</UniqueIdentifier>
    </Filter>
  </ItemGroup>
  <ItemGroup>
    <ClCompile Include="..\..\..\App\Control\Shell\CmdTester.cpp">
      <Filter>App-Control\Shell</Filter>
    </ClCompile>
    <ClCompile Include="..\..\..\App\Control\Shell\main.cpp">
      <Filter>App-Control\Shell</Filter>
    </ClCompile>
    <ClCompile Include="..\..\..\App\Control\Shell\CmdSysTest.cpp">
      <Filter>App-Control\Shell</Filter>
    </ClCompile>
    <ClCompile Include="..\..\..\App\Control\Shell\CmdHub.cpp">
      <Filter>App-Control\Shell</Filter>
    </ClCompile>
    <ClCompile Include="..\..\..\App\Control\Shell\CmdFileSync.cpp">
      <Filter>App-Control\Shell</Filter>
    </ClCompile>
    <ClCompile Include="..\..\..\App\Control\Shell\CmdAndroid.cpp">
      <Filter>App-Control\Shell</Filter>
    </ClCompile>
    <ClCompile Include="..\..\..\App\Control\Shell\CmdOALTest.cpp">
      <Filter>App-Control\Shell</Filter>
    </ClCompile>
    <ClCompile Include="..\..\..\App\Control\Shell\CmdStringTest.cpp">
      <Filter>App-Control\Shell</Filter>
    </ClCompile>
    <ClCompile Include="..\..\..\App\Control\Shell\CmdTED.cpp">
      <Filter>App-Control\Shell</Filter>
    </ClCompile>
    <ClCompile Include="..\..\..\App\Control\Shell\CmdSocket.cpp">
      <Filter>App-Control\Shell</Filter>
    </ClCompile>
    <ClCompile Include="..\..\..\App\Control\Shell\CmdDraw2D.cpp">
      <Filter>App-Control\Shell</Filter>
    </ClCompile>
    <ClCompile Include="..\..\..\App\Control\Shell\CmdExport.cpp">
      <Filter>App-Control\Shell</Filter>
    </ClCompile>
    <ClCompile Include="..\..\..\App\Control\Shell\CmdVerify.cpp">
      <Filter>App-Control\Shell</Filter>
    </ClCompile>
    <ClCompile Include="..\..\..\App\Control\Shell\CmdDatabase.cpp">
      <Filter>App-Control\Shell</Filter>
    </ClCompile>
    <ClCompile Include="..\..\..\App\Control\Shell\CmdEmulator.cpp">
      <Filter>App-Control\Shell</Filter>
    </ClCompile>
    <ClCompile Include="..\..\..\App\Control\Shell\CmdMySQL.cpp">
      <Filter>App-Control\Shell</Filter>
    </ClCompile>
  </ItemGroup>
  <ItemGroup>
    <ClInclude Include="..\..\..\App\Control\Shell\AppDefine.hpp">
      <Filter>App-Control\Shell</Filter>
    </ClInclude>
    <ClInclude Include="..\..\..\App\Control\Shell\Cmd.hpp">
      <Filter>App-Control\Shell</Filter>
    </ClInclude>
  </ItemGroup>
  <ItemGroup>
    <None Include="..\..\..\App\Control\Android.mk">
      <Filter>App-Control\AAAAAA</Filter>
    </None>
    <None Include="..\..\..\App\Control\Shell\Android.mk">
      <Filter>App-Control\Shell</Filter>
    </None>
  </ItemGroup>
  <ItemGroup>
    <Text Include="C:\MyTESys\opt\TESys\ControlShell\Export_RawDBFileVector.txt">
      <Filter>App-Control\Opt_TESys_ControlShell</Filter>
    </Text>
  </ItemGroup>
</Project>