<?xml version="1.0" encoding="utf-8"?>
<Project ToolsVersion="4.0" xmlns="http://schemas.microsoft.com/developer/msbuild/2003">
  <ItemGroup>
    <Filter Include="App-Control-Tester">
      <UniqueIdentifier>{bda37c00-d582-4a46-a4ae-dfe9503bcd4f}</UniqueIdentifier>
    </Filter>
  </ItemGroup>
  <ItemGroup>
    <ClCompile Include="..\..\..\App\Control\Tester\main.cpp">
      <Filter>App-Control-Tester</Filter>
    </ClCompile>
    <ClCompile Include="..\..\..\App\Control\Tester\App.cpp">
      <Filter>App-Control-Tester</Filter>
    </ClCompile>
  </ItemGroup>
  <ItemGroup>
    <None Include="..\..\..\App\Control\Tester\Android.mk">
      <Filter>App-Control-Tester</Filter>
    </None>
  </ItemGroup>
  <ItemGroup>
    <ClInclude Include="..\..\..\App\Control\Tester\App.hpp">
      <Filter>App-Control-Tester</Filter>
    </ClInclude>
  </ItemGroup>
</Project>