<?xml version="1.0" encoding="utf-8"?>
<Project ToolsVersion="4.0" xmlns="http://schemas.microsoft.com/developer/msbuild/2003">
  <ItemGroup>
    <Filter Include="Source Files">
      <UniqueIdentifier>{4FC737F1-C7A5-4376-A066-2A32D752A2FF}</UniqueIdentifier>
      <Extensions>cpp;c;cc;cxx;c++;def;odl;idl;hpj;bat;asm;asmx</Extensions>
    </Filter>
    <Filter Include="Header Files">
      <UniqueIdentifier>{93995380-89BD-4b04-88EB-625FBE52EBFB}</UniqueIdentifier>
      <Extensions>h;hh;hpp;hxx;h++;hm;inl;inc;ipp;xsd</Extensions>
    </Filter>
    <Filter Include="Resource Files">
      <UniqueIdentifier>{67DA6AB6-F800-4c08-8B7A-83BB121AAD01}</UniqueIdentifier>
      <Extensions>rc;ico;cur;bmp;dlg;rc2;rct;bin;rgs;gif;jpg;jpeg;jpe;resx;tiff;tif;png;wav;mfcribbon-ms</Extensions>
    </Filter>
    <Filter Include="TESysNet">
      <UniqueIdentifier>{00ac8cc4-c6ce-4903-8d93-bcd905d9d33c}</UniqueIdentifier>
    </Filter>
    <Filter Include="TESysNet\MFCSocket">
      <UniqueIdentifier>{4f303f4a-d297-4840-a64a-187780a4742b}</UniqueIdentifier>
    </Filter>
    <Filter Include="TESysNet\AAAA-Client">
      <UniqueIdentifier>{4988a693-5068-4997-892b-642539cd6dae}</UniqueIdentifier>
    </Filter>
    <Filter Include="TESysNet\AAAA-UDPServer">
      <UniqueIdentifier>{b94647d2-f9dc-46da-8a18-e6430409027d}</UniqueIdentifier>
    </Filter>
  </ItemGroup>
  <ItemGroup>
    <None Include="cpp.hint" />
  </ItemGroup>
  <ItemGroup>
    <ClInclude Include="framework.h">
      <Filter>Header Files</Filter>
    </ClInclude>
    <ClInclude Include="targetver.h">
      <Filter>Header Files</Filter>
    </ClInclude>
    <ClInclude Include="Resource.h">
      <Filter>Header Files</Filter>
    </ClInclude>
    <ClInclude Include="libTESysNet.h">
      <Filter>Header Files</Filter>
    </ClInclude>
    <ClInclude Include="pch.h">
      <Filter>Header Files</Filter>
    </ClInclude>
    <ClInclude Include="..\..\..\TESysNet\MFCSocket\hSocket.h">
      <Filter>TESysNet\MFCSocket</Filter>
    </ClInclude>
    <ClInclude Include="..\..\..\TESysNet\MFCSocket\hSocketThread.h">
      <Filter>TESysNet\MFCSocket</Filter>
    </ClInclude>
    <ClInclude Include="..\..\..\TESysNet\MFCSocket\hSocketWnd.h">
      <Filter>TESysNet\MFCSocket</Filter>
    </ClInclude>
    <ClInclude Include="..\..\..\TESysNet\MFCSocket\SocketPacket.h">
      <Filter>TESysNet\MFCSocket</Filter>
    </ClInclude>
    <ClInclude Include="..\..\..\TESysNet\MFCSocket\TemplateList.hpp">
      <Filter>TESysNet\MFCSocket</Filter>
    </ClInclude>
    <ClInclude Include="..\..\..\TESysNet\MFCSocket\hPacket.h">
      <Filter>TESysNet\MFCSocket</Filter>
    </ClInclude>
    <ClInclude Include="..\..\..\TESysNet\Client.hpp">
      <Filter>TESysNet\AAAA-Client</Filter>
    </ClInclude>
    <ClInclude Include="..\..\..\TESysNet\ClientAndroid.hpp">
      <Filter>TESysNet\AAAA-Client</Filter>
    </ClInclude>
    <ClInclude Include="..\..\..\TESysNet\ClientUdpWin.hpp">
      <Filter>TESysNet\AAAA-Client</Filter>
    </ClInclude>
    <ClInclude Include="..\..\..\TESysNet\ClientWin.hpp">
      <Filter>TESysNet\AAAA-Client</Filter>
    </ClInclude>
    <ClInclude Include="..\..\..\TESysNet\UDPServer.hpp">
      <Filter>TESysNet\AAAA-UDPServer</Filter>
    </ClInclude>
    <ClInclude Include="..\..\..\TESysNet\UDPServerWin.hpp">
      <Filter>TESysNet\AAAA-UDPServer</Filter>
    </ClInclude>
  </ItemGroup>
  <ItemGroup>
    <ClCompile Include="libTESysNet.cpp">
      <Filter>Source Files</Filter>
    </ClCompile>
    <ClCompile Include="pch.cpp">
      <Filter>Source Files</Filter>
    </ClCompile>
    <ClCompile Include="..\..\..\TESysNet\MFCSocket\hSocket.cpp">
      <Filter>TESysNet\MFCSocket</Filter>
    </ClCompile>
    <ClCompile Include="..\..\..\TESysNet\MFCSocket\hSocketThread.cpp">
      <Filter>TESysNet\MFCSocket</Filter>
    </ClCompile>
    <ClCompile Include="..\..\..\TESysNet\MFCSocket\hSocketWnd.cpp">
      <Filter>TESysNet\MFCSocket</Filter>
    </ClCompile>
    <ClCompile Include="..\..\..\TESysNet\MFCSocket\SocketPacket.cpp">
      <Filter>TESysNet\MFCSocket</Filter>
    </ClCompile>
    <ClCompile Include="..\..\..\TESysNet\MFCSocket\hPacket.cpp">
      <Filter>TESysNet\MFCSocket</Filter>
    </ClCompile>
    <ClCompile Include="..\..\..\TESysNet\ClientAndroid.cpp">
      <Filter>TESysNet\AAAA-Client</Filter>
    </ClCompile>
    <ClCompile Include="..\..\..\TESysNet\ClientAPI.cpp">
      <Filter>TESysNet\AAAA-Client</Filter>
    </ClCompile>
    <ClCompile Include="..\..\..\TESysNet\ClientUdpWin.cpp">
      <Filter>TESysNet\AAAA-Client</Filter>
    </ClCompile>
    <ClCompile Include="..\..\..\TESysNet\ClientWin.cpp">
      <Filter>TESysNet\AAAA-Client</Filter>
    </ClCompile>
    <ClCompile Include="..\..\..\TESysNet\Client.cpp">
      <Filter>TESysNet\AAAA-Client</Filter>
    </ClCompile>
    <ClCompile Include="..\..\..\TESysNet\UDPServerAPI.cpp">
      <Filter>TESysNet\AAAA-UDPServer</Filter>
    </ClCompile>
    <ClCompile Include="..\..\..\TESysNet\UDPServer.cpp">
      <Filter>TESysNet\AAAA-UDPServer</Filter>
    </ClCompile>
    <ClCompile Include="..\..\..\TESysNet\UDPServerWin.cpp">
      <Filter>TESysNet\AAAA-UDPServer</Filter>
    </ClCompile>
  </ItemGroup>
  <ItemGroup>
    <ResourceCompile Include="libTESysNet.rc">
      <Filter>Resource Files</Filter>
    </ResourceCompile>
  </ItemGroup>
</Project>