<?xml version="1.0" encoding="utf-8"?>
<Project ToolsVersion="4.0" xmlns="http://schemas.microsoft.com/developer/msbuild/2003">
  <ItemGroup>
    <Filter Include="App-Control-Hub">
      <UniqueIdentifier>{04d714ad-a6fa-4843-ada1-160fd96147a5}</UniqueIdentifier>
    </Filter>
    <Filter Include="App-Control-Hub\AAAAA">
      <UniqueIdentifier>{2edb0d11-fa3f-4824-ba92-1a92e4899329}</UniqueIdentifier>
    </Filter>
    <Filter Include="App-Control-Hub\AAAAA-Notifier">
      <UniqueIdentifier>{fa33ef77-bd93-41e2-8a3e-a7c4b6e8607b}</UniqueIdentifier>
    </Filter>
    <Filter Include="App-Control-Hub\AAAA-CommanderAgent">
      <UniqueIdentifier>{3c4b5858-7819-4676-bb8d-59f98ee22df1}</UniqueIdentifier>
    </Filter>
  </ItemGroup>
  <ItemGroup>
    <ClInclude Include="..\..\..\App\Control\Hub\Notifier.hpp">
      <Filter>App-Control-Hub\AAAAA-Notifier</Filter>
    </ClInclude>
    <ClInclude Include="..\..\..\App\Control\Hub\AppDefine.h">
      <Filter>App-Control-Hub\AAAAA</Filter>
    </ClInclude>
    <ClInclude Include="..\..\..\App\Control\Hub\CommanderAgent.hpp">
      <Filter>App-Control-Hub\AAAA-CommanderAgent</Filter>
    </ClInclude>
  </ItemGroup>
  <ItemGroup>
    <ClCompile Include="..\..\..\App\Control\Hub\main.cpp">
      <Filter>App-Control-Hub\AAAAA</Filter>
    </ClCompile>
    <ClCompile Include="..\..\..\App\Control\Hub\Notifier.cpp">
      <Filter>App-Control-Hub\AAAAA-Notifier</Filter>
    </ClCompile>
    <ClCompile Include="..\..\..\App\Control\Hub\NotifierTester.cpp">
      <Filter>App-Control-Hub\AAAAA-Notifier</Filter>
    </ClCompile>
    <ClCompile Include="..\..\..\App\Control\Hub\NotifierOperator.cpp">
      <Filter>App-Control-Hub\AAAAA-Notifier</Filter>
    </ClCompile>
    <ClCompile Include="..\..\..\App\Control\Hub\NotifierExtern.cpp">
      <Filter>App-Control-Hub\AAAAA-Notifier</Filter>
    </ClCompile>
    <ClCompile Include="..\..\..\App\Control\Hub\CommanderAgentOperatorCmdProc.cpp">
      <Filter>App-Control-Hub\AAAA-CommanderAgent</Filter>
    </ClCompile>
    <ClCompile Include="..\..\..\App\Control\Hub\CommanderAgentTester.cpp">
      <Filter>App-Control-Hub\AAAA-CommanderAgent</Filter>
    </ClCompile>
    <ClCompile Include="..\..\..\App\Control\Hub\CommanderAgentTesterCmdProc.cpp">
      <Filter>App-Control-Hub\AAAA-CommanderAgent</Filter>
    </ClCompile>
    <ClCompile Include="..\..\..\App\Control\Hub\CommanderAgentTesterExtern.cpp">
      <Filter>App-Control-Hub\AAAA-CommanderAgent</Filter>
    </ClCompile>
    <ClCompile Include="..\..\..\App\Control\Hub\CommanderAgent.cpp">
      <Filter>App-Control-Hub\AAAA-CommanderAgent</Filter>
    </ClCompile>
    <ClCompile Include="..\..\..\App\Control\Hub\CommanderAgentOperator.cpp">
      <Filter>App-Control-Hub\AAAA-CommanderAgent</Filter>
    </ClCompile>
    <ClCompile Include="..\..\..\App\Control\Hub\CommanderAgentTesterSockCallback.cpp">
      <Filter>App-Control-Hub\AAAA-CommanderAgent</Filter>
    </ClCompile>
    <ClCompile Include="..\..\..\App\Control\Hub\CommanderAgentOperatorSockCallback.cpp">
      <Filter>App-Control-Hub\AAAA-CommanderAgent</Filter>
    </ClCompile>
  </ItemGroup>
</Project>