
Microsoft Visual Studio Solution File, Format Version 12.00
# Visual Studio Version 16
VisualStudioVersion = 16.0.31025.194
MinimumVisualStudioVersion = 10.0.40219.1
Project("{8BC9CEB8-8B4A-11D0-8D11-00A0C91BC942}") = "MyCommPrj", "MyCommPrj\MyCommPrj.vcxproj", "{B551A907-D5D2-4F18-9F7A-0441AD7F8DD7}"
EndProject
Project("{8BC9CEB8-8B4A-11D0-8D11-00A0C91BC942}") = "libComm", "libComm\libComm.vcxproj", "{8C579F00-0AE0-467E-AEF3-6EFB1F8E7EA1}"
EndProject
Project("{8BC9CEB8-8B4A-11D0-8D11-00A0C91BC942}") = "libDatabase", "libDatabase\libDatabase.vcxproj", "{652BFAA4-EB82-4B2D-9C8F-D643A2A0BD27}"
EndProject
Project("{8BC9CEB8-8B4A-11D0-8D11-00A0C91BC942}") = "AppTestTCPServer", "AppTestTCPServer\AppTestTCPServer.vcxproj", "{B5647757-D16E-41F0-9D1A-923286D739FA}"
EndProject
Project("{8BC9CEB8-8B4A-11D0-8D11-00A0C91BC942}") = "AppTestTCPClient", "AppTestTCPClient\AppTestTCPClient.vcxproj", "{CE51C788-5BB1-49C1-A3C3-EA6AAA717952}"
EndProject
Project("{8BC9CEB8-8B4A-11D0-8D11-00A0C91BC942}") = "AppTestUDPClient", "AppTestUDPClient\AppTestUDPClient.vcxproj", "{1D49E36C-0DA6-4584-A92B-4232A1769A01}"
EndProject
Project("{8BC9CEB8-8B4A-11D0-8D11-00A0C91BC942}") = "AppTestUDPServer", "AppTestUDPServer\AppTestUDPServer.vcxproj", "{C9FCC74D-5AF7-43BB-AEE3-5F04C0AA3375}"
EndProject
Project("{2150E333-8FDC-42A3-9474-1A3956D46DE8}") = "App", "App", "{CE2E11E7-F510-4093-BAF6-5EB3E3663FDD}"
EndProject
Project("{2150E333-8FDC-42A3-9474-1A3956D46DE8}") = "Lib", "Lib", "{55E938DD-C272-4AD2-9783-B24493892D09}"
EndProject
Global
	GlobalSection(SolutionConfigurationPlatforms) = preSolution
		Debug|x64 = Debug|x64
		Debug|x86 = Debug|x86
		Release|x64 = Release|x64
		Release|x86 = Release|x86
	EndGlobalSection
	GlobalSection(ProjectConfigurationPlatforms) = postSolution
		{B551A907-D5D2-4F18-9F7A-0441AD7F8DD7}.Debug|x64.ActiveCfg = Debug|x64
		{B551A907-D5D2-4F18-9F7A-0441AD7F8DD7}.Debug|x64.Build.0 = Debug|x64
		{B551A907-D5D2-4F18-9F7A-0441AD7F8DD7}.Debug|x86.ActiveCfg = Debug|Win32
		{B551A907-D5D2-4F18-9F7A-0441AD7F8DD7}.Debug|x86.Build.0 = Debug|Win32
		{B551A907-D5D2-4F18-9F7A-0441AD7F8DD7}.Release|x64.ActiveCfg = Release|x64
		{B551A907-D5D2-4F18-9F7A-0441AD7F8DD7}.Release|x64.Build.0 = Release|x64
		{B551A907-D5D2-4F18-9F7A-0441AD7F8DD7}.Release|x86.ActiveCfg = Release|Win32
		{B551A907-D5D2-4F18-9F7A-0441AD7F8DD7}.Release|x86.Build.0 = Release|Win32
		{8C579F00-0AE0-467E-AEF3-6EFB1F8E7EA1}.Debug|x64.ActiveCfg = Debug|x64
		{8C579F00-0AE0-467E-AEF3-6EFB1F8E7EA1}.Debug|x64.Build.0 = Debug|x64
		{8C579F00-0AE0-467E-AEF3-6EFB1F8E7EA1}.Debug|x86.ActiveCfg = Debug|Win32
		{8C579F00-0AE0-467E-AEF3-6EFB1F8E7EA1}.Debug|x86.Build.0 = Debug|Win32
		{8C579F00-0AE0-467E-AEF3-6EFB1F8E7EA1}.Release|x64.ActiveCfg = Release|x64
		{8C579F00-0AE0-467E-AEF3-6EFB1F8E7EA1}.Release|x64.Build.0 = Release|x64
		{8C579F00-0AE0-467E-AEF3-6EFB1F8E7EA1}.Release|x86.ActiveCfg = Release|Win32
		{8C579F00-0AE0-467E-AEF3-6EFB1F8E7EA1}.Release|x86.Build.0 = Release|Win32
		{652BFAA4-EB82-4B2D-9C8F-D643A2A0BD27}.Debug|x64.ActiveCfg = Debug|x64
		{652BFAA4-EB82-4B2D-9C8F-D643A2A0BD27}.Debug|x64.Build.0 = Debug|x64
		{652BFAA4-EB82-4B2D-9C8F-D643A2A0BD27}.Debug|x86.ActiveCfg = Debug|Win32
		{652BFAA4-EB82-4B2D-9C8F-D643A2A0BD27}.Debug|x86.Build.0 = Debug|Win32
		{652BFAA4-EB82-4B2D-9C8F-D643A2A0BD27}.Release|x64.ActiveCfg = Release|x64
		{652BFAA4-EB82-4B2D-9C8F-D643A2A0BD27}.Release|x64.Build.0 = Release|x64
		{652BFAA4-EB82-4B2D-9C8F-D643A2A0BD27}.Release|x86.ActiveCfg = Release|Win32
		{652BFAA4-EB82-4B2D-9C8F-D643A2A0BD27}.Release|x86.Build.0 = Release|Win32
		{B5647757-D16E-41F0-9D1A-923286D739FA}.Debug|x64.ActiveCfg = Debug|x64
		{B5647757-D16E-41F0-9D1A-923286D739FA}.Debug|x64.Build.0 = Debug|x64
		{B5647757-D16E-41F0-9D1A-923286D739FA}.Debug|x86.ActiveCfg = Debug|Win32
		{B5647757-D16E-41F0-9D1A-923286D739FA}.Debug|x86.Build.0 = Debug|Win32
		{B5647757-D16E-41F0-9D1A-923286D739FA}.Release|x64.ActiveCfg = Release|x64
		{B5647757-D16E-41F0-9D1A-923286D739FA}.Release|x64.Build.0 = Release|x64
		{B5647757-D16E-41F0-9D1A-923286D739FA}.Release|x86.ActiveCfg = Release|Win32
		{B5647757-D16E-41F0-9D1A-923286D739FA}.Release|x86.Build.0 = Release|Win32
		{CE51C788-5BB1-49C1-A3C3-EA6AAA717952}.Debug|x64.ActiveCfg = Debug|x64
		{CE51C788-5BB1-49C1-A3C3-EA6AAA717952}.Debug|x64.Build.0 = Debug|x64
		{CE51C788-5BB1-49C1-A3C3-EA6AAA717952}.Debug|x86.ActiveCfg = Debug|Win32
		{CE51C788-5BB1-49C1-A3C3-EA6AAA717952}.Debug|x86.Build.0 = Debug|Win32
		{CE51C788-5BB1-49C1-A3C3-EA6AAA717952}.Release|x64.ActiveCfg = Release|x64
		{CE51C788-5BB1-49C1-A3C3-EA6AAA717952}.Release|x64.Build.0 = Release|x64
		{CE51C788-5BB1-49C1-A3C3-EA6AAA717952}.Release|x86.ActiveCfg = Release|Win32
		{CE51C788-5BB1-49C1-A3C3-EA6AAA717952}.Release|x86.Build.0 = Release|Win32
		{1D49E36C-0DA6-4584-A92B-4232A1769A01}.Debug|x64.ActiveCfg = Debug|x64
		{1D49E36C-0DA6-4584-A92B-4232A1769A01}.Debug|x64.Build.0 = Debug|x64
		{1D49E36C-0DA6-4584-A92B-4232A1769A01}.Debug|x86.ActiveCfg = Debug|Win32
		{1D49E36C-0DA6-4584-A92B-4232A1769A01}.Debug|x86.Build.0 = Debug|Win32
		{1D49E36C-0DA6-4584-A92B-4232A1769A01}.Release|x64.ActiveCfg = Release|x64
		{1D49E36C-0DA6-4584-A92B-4232A1769A01}.Release|x64.Build.0 = Release|x64
		{1D49E36C-0DA6-4584-A92B-4232A1769A01}.Release|x86.ActiveCfg = Release|Win32
		{1D49E36C-0DA6-4584-A92B-4232A1769A01}.Release|x86.Build.0 = Release|Win32
		{C9FCC74D-5AF7-43BB-AEE3-5F04C0AA3375}.Debug|x64.ActiveCfg = Debug|x64
		{C9FCC74D-5AF7-43BB-AEE3-5F04C0AA3375}.Debug|x64.Build.0 = Debug|x64
		{C9FCC74D-5AF7-43BB-AEE3-5F04C0AA3375}.Debug|x86.ActiveCfg = Debug|Win32
		{C9FCC74D-5AF7-43BB-AEE3-5F04C0AA3375}.Debug|x86.Build.0 = Debug|Win32
		{C9FCC74D-5AF7-43BB-AEE3-5F04C0AA3375}.Release|x64.ActiveCfg = Release|x64
		{C9FCC74D-5AF7-43BB-AEE3-5F04C0AA3375}.Release|x64.Build.0 = Release|x64
		{C9FCC74D-5AF7-43BB-AEE3-5F04C0AA3375}.Release|x86.ActiveCfg = Release|Win32
		{C9FCC74D-5AF7-43BB-AEE3-5F04C0AA3375}.Release|x86.Build.0 = Release|Win32
	EndGlobalSection
	GlobalSection(SolutionProperties) = preSolution
		HideSolutionNode = FALSE
	EndGlobalSection
	GlobalSection(NestedProjects) = preSolution
		{8C579F00-0AE0-467E-AEF3-6EFB1F8E7EA1} = {55E938DD-C272-4AD2-9783-B24493892D09}
		{652BFAA4-EB82-4B2D-9C8F-D643A2A0BD27} = {55E938DD-C272-4AD2-9783-B24493892D09}
		{B5647757-D16E-41F0-9D1A-923286D739FA} = {CE2E11E7-F510-4093-BAF6-5EB3E3663FDD}
		{CE51C788-5BB1-49C1-A3C3-EA6AAA717952} = {CE2E11E7-F510-4093-BAF6-5EB3E3663FDD}
		{1D49E36C-0DA6-4584-A92B-4232A1769A01} = {CE2E11E7-F510-4093-BAF6-5EB3E3663FDD}
		{C9FCC74D-5AF7-43BB-AEE3-5F04C0AA3375} = {CE2E11E7-F510-4093-BAF6-5EB3E3663FDD}
	EndGlobalSection
	GlobalSection(ExtensibilityGlobals) = postSolution
		SolutionGuid = {74C6B0FD-864B-46E6-B867-3A0ECED06C43}
	EndGlobalSection
EndGlobal
