
Microsoft Visual Studio Solution File, Format Version 12.00
# Visual Studio Version 16
VisualStudioVersion = 16.0.30114.105
MinimumVisualStudioVersion = 10.0.40219.1
Project("{8BC9CEB8-8B4A-11D0-8D11-00A0C91BC942}") = "TESysAppWin", "TESysAppWin\TESysAppWin.vcxproj", "{FB2E1D69-73DC-4908-ACBB-796D53102FB0}"
	ProjectSection(ProjectDependencies) = postProject
		{4521A661-E673-473E-881C-1C9BFA723470} = {4521A661-E673-473E-881C-1C9BFA723470}
	EndProjectSection
EndProject
Project("{8BC9CEB8-8B4A-11D0-8D11-00A0C91BC942}") = "libTESys", "libTESys\libTESys.vcxproj", "{2BB53289-EEDB-4BD3-B101-FA1E0FDA4D42}"
EndProject
Project("{8BC9CEB8-8B4A-11D0-8D11-00A0C91BC942}") = "AppServerDataAcq", "AppServerDataAcq\AppServerDataAcq.vcxproj", "{ED3E3940-D535-41D5-90AE-36DCE508F985}"
EndProject
Project("{8BC9CEB8-8B4A-11D0-8D11-00A0C91BC942}") = "AppTestTCPServer", "AppTestTCPServer\AppTestTCPServer.vcxproj", "{B5647757-D16E-41F0-9D1A-923286D739FA}"
EndProject
Project("{8BC9CEB8-8B4A-11D0-8D11-00A0C91BC942}") = "libComm", "libComm\libComm.vcxproj", "{8C579F00-0AE0-467E-AEF3-6EFB1F8E7EA1}"
EndProject
Project("{8BC9CEB8-8B4A-11D0-8D11-00A0C91BC942}") = "AppTestOAL", "AppTestOAL\AppTestOAL.vcxproj", "{C4B8B797-4C1D-4E23-A15B-6837DA349B71}"
EndProject
Project("{8BC9CEB8-8B4A-11D0-8D11-00A0C91BC942}") = "AppTestUDPServer", "AppTestUDPServer\AppTestUDPServer.vcxproj", "{C9FCC74D-5AF7-43BB-AEE3-5F04C0AA3375}"
EndProject
Project("{8BC9CEB8-8B4A-11D0-8D11-00A0C91BC942}") = "AppTestUDPClient", "AppTestUDPClient\AppTestUDPClient.vcxproj", "{1D49E36C-0DA6-4584-A92B-4232A1769A01}"
EndProject
Project("{8BC9CEB8-8B4A-11D0-8D11-00A0C91BC942}") = "AppTestTCPClient", "AppTestTCPClient\AppTestTCPClient.vcxproj", "{CE51C788-5BB1-49C1-A3C3-EA6AAA717952}"
EndProject
Project("{8BC9CEB8-8B4A-11D0-8D11-00A0C91BC942}") = "AppServerRemotePython", "AppServerRemotePython\AppServerRemotePython.vcxproj", "{E71B98BA-5796-43EE-880B-CC66A05C075D}"
EndProject
Project("{8BC9CEB8-8B4A-11D0-8D11-00A0C91BC942}") = "AppClientDataAcqUDP", "AppClientDataAcqUDP\AppClientDataAcqUDP.vcxproj", "{07A2A15A-4A4A-45E5-87F2-EE6991415EC2}"
EndProject
Project("{8BC9CEB8-8B4A-11D0-8D11-00A0C91BC942}") = "libTED", "libTED\libTED.vcxproj", "{8CEF2D07-1F0D-4E9B-9D68-B1B54649D790}"
EndProject
Project("{8BC9CEB8-8B4A-11D0-8D11-00A0C91BC942}") = "AppTestTED", "AppTestTED\AppTestTED.vcxproj", "{4E0C1C9A-9BC2-46D7-B104-4FB5A7A59002}"
EndProject
Project("{8BC9CEB8-8B4A-11D0-8D11-00A0C91BC942}") = "AppToolsTMD2Python", "AppToolsTMD2Python\AppToolsTMD2Python.vcxproj", "{67577D37-AA70-4D0E-90C3-EE5F10177221}"
EndProject
Project("{8BC9CEB8-8B4A-11D0-8D11-00A0C91BC942}") = "AppClientFileSync", "AppClientFileSync\AppClientFileSync.vcxproj", "{0C7B34DF-8A4F-429B-B654-3D4AE447B33E}"
EndProject
Project("{8BC9CEB8-8B4A-11D0-8D11-00A0C91BC942}") = "AppControlHub", "AppControlHub\AppControlHub.vcxproj", "{5FF4CDF6-F35A-4159-A759-F08F17CCDDC8}"
EndProject
Project("{8BC9CEB8-8B4A-11D0-8D11-00A0C91BC942}") = "AppControlOperator", "AppControlOperator\AppControlOperator.vcxproj", "{E5359E75-2B77-433C-835D-2EAF2B2DB3F7}"
EndProject
Project("{8BC9CEB8-8B4A-11D0-8D11-00A0C91BC942}") = "AppControlTester", "AppControlTester\AppControlTester.vcxproj", "{34A77FD1-498F-493C-A13D-BE4120B2BE6F}"
EndProject
Project("{FAE04EC0-301F-11D3-BF4B-00C04F79EFBC}") = "AppTEDAgingOperator", "AppTEDAgingOperator\AppTEDAgingOperator.csproj", "{BB672D96-A552-456C-A5BF-57C1EF71A33F}"
EndProject
Project("{8BC9CEB8-8B4A-11D0-8D11-00A0C91BC942}") = "libPythonModule", "libPythonModule\libPythonModule.vcxproj", "{0C5C16D9-2302-4B66-AC9F-A999B01CE478}"
EndProject
Project("{8BC9CEB8-8B4A-11D0-8D11-00A0C91BC942}") = "AppDatabaseRawData", "AppDatabaseRawData\AppDatabaseRawData.vcxproj", "{B7E49EC8-1D36-4324-A499-A05D98D8B48D}"
EndProject
Project("{8BC9CEB8-8B4A-11D0-8D11-00A0C91BC942}") = "AppDatabaseMySQL", "AppDatabaseMySQL\AppDatabaseMySQL.vcxproj", "{CE26AB8F-8BFD-41C9-BD82-B9B11807CF5D}"
EndProject
Project("{8BC9CEB8-8B4A-11D0-8D11-00A0C91BC942}") = "libPythonModuleTED", "libPythonModuleTED\libPythonModuleTED.vcxproj", "{DFADB25C-EB79-45AA-8C95-95DC57224EEC}"
EndProject
Project("{FAE04EC0-301F-11D3-BF4B-00C04F79EFBC}") = "libTESys.AutoGen", "libTESys.AutoGen\libTESys.AutoGen.csproj", "{4521A661-E673-473E-881C-1C9BFA723470}"
	ProjectSection(ProjectDependencies) = postProject
		{A7F2CC53-8EA7-4234-BF10-23EE76A67372} = {A7F2CC53-8EA7-4234-BF10-23EE76A67372}
	EndProjectSection
EndProject
Project("{8BC9CEB8-8B4A-11D0-8D11-00A0C91BC942}") = "libTESysModule", "libTESysModule\libTESysModule.vcxproj", "{A7F2CC53-8EA7-4234-BF10-23EE76A67372}"
EndProject
Project("{8BC9CEB8-8B4A-11D0-8D11-00A0C91BC942}") = "AppControlShell", "AppControlShell\AppControlShell.vcxproj", "{85598458-6451-4A65-B9E9-53EFA4428E23}"
EndProject
Project("{8BC9CEB8-8B4A-11D0-8D11-00A0C91BC942}") = "AppClientHubCalCRC", "AppClientHubCalCRC\AppClientHubCalCRC.vcxproj", "{5C8E53B3-8D41-46F3-9F72-2BC6B49E3D4C}"
EndProject
Project("{FAE04EC0-301F-11D3-BF4B-00C04F79EFBC}") = "libFormCtrlBoardNode", "libFormCtrlBoardNode\libFormCtrlBoardNode.csproj", "{E45F3CBF-196F-4F0D-AD2D-2E9619298666}"
EndProject
Project("{FAE04EC0-301F-11D3-BF4B-00C04F79EFBC}") = "libFormCtrlAgingMonitor", "libFormCtrlAgingMonitor\libFormCtrlAgingMonitor.csproj", "{716CF4B3-7363-4F69-B69D-20A9D466C0FC}"
EndProject
Project("{FAE04EC0-301F-11D3-BF4B-00C04F79EFBC}") = "libFormCtrlTesterStatus", "libFormCtrlTesterStatus\libFormCtrlTesterStatus.csproj", "{FEEB7E24-92AE-40E5-AF33-EC70E56C3120}"
EndProject
Project("{8BC9CEB8-8B4A-11D0-8D11-00A0C91BC942}") = "AppDatabaseVerifyRawData", "AppDatabaseVerifyRawData\AppDatabaseVerifyRawData.vcxproj", "{5D5D1152-98F8-4EE1-9722-C472AD1DE84B}"
EndProject
Project("{8BC9CEB8-8B4A-11D0-8D11-00A0C91BC942}") = "AppServerPatternDraw", "AppServerPatternDraw\AppServerPatternDraw.vcxproj", "{91D8E0DE-875C-4DB2-82D6-9604FBBCF352}"
EndProject
Project("{9A19103F-16F7-4668-BE54-9A1E7A4F7556}") = "AppTEDAgingExport", "AppTEDAgingExport\AppTEDAgingExport.csproj", "{4676EDF9-E843-49A6-BA08-659B21F53A47}"
EndProject
Project("{9A19103F-16F7-4668-BE54-9A1E7A4F7556}") = "libComm.AutoGen", "libComm.AutoGen\libComm.AutoGen.csproj", "{C6892065-11C1-4CE9-98C1-B8D74F008CC2}"
EndProject
Project("{8BC9CEB8-8B4A-11D0-8D11-00A0C91BC942}") = "AppControlFlashWriter", "AppControlFlashWriter\AppControlFlashWriter.vcxproj", "{15E36C35-5AB2-4CCD-9160-8823D0D33DA1}"
EndProject
Project("{8BC9CEB8-8B4A-11D0-8D11-00A0C91BC942}") = "AppControlAgingRun", "AppControlAgingRun\AppControlAgingRun.vcxproj", "{5D8D7027-E5C0-4C25-A560-D27D06114FDC}"
EndProject
Project("{8BC9CEB8-8B4A-11D0-8D11-00A0C91BC942}") = "libDatabase", "libDatabase\libDatabase.vcxproj", "{652BFAA4-EB82-4B2D-9C8F-D643A2A0BD27}"
EndProject
Global
	GlobalSection(SolutionConfigurationPlatforms) = preSolution
		Debug|Any CPU = Debug|Any CPU
		Debug|ARM = Debug|ARM
		Debug|ARM64 = Debug|ARM64
		Debug|x64 = Debug|x64
		Debug|x86 = Debug|x86
		Release|Any CPU = Release|Any CPU
		Release|ARM = Release|ARM
		Release|ARM64 = Release|ARM64
		Release|x64 = Release|x64
		Release|x86 = Release|x86
	EndGlobalSection
	GlobalSection(ProjectConfigurationPlatforms) = postSolution
		{FB2E1D69-73DC-4908-ACBB-796D53102FB0}.Debug|Any CPU.ActiveCfg = Debug|Win32
		{FB2E1D69-73DC-4908-ACBB-796D53102FB0}.Debug|ARM.ActiveCfg = Debug|Win32
		{FB2E1D69-73DC-4908-ACBB-796D53102FB0}.Debug|ARM64.ActiveCfg = Debug|Win32
		{FB2E1D69-73DC-4908-ACBB-796D53102FB0}.Debug|x64.ActiveCfg = Debug|x64
		{FB2E1D69-73DC-4908-ACBB-796D53102FB0}.Debug|x64.Build.0 = Debug|x64
		{FB2E1D69-73DC-4908-ACBB-796D53102FB0}.Debug|x86.ActiveCfg = Debug|Win32
		{FB2E1D69-73DC-4908-ACBB-796D53102FB0}.Debug|x86.Build.0 = Debug|Win32
		{FB2E1D69-73DC-4908-ACBB-796D53102FB0}.Release|Any CPU.ActiveCfg = Release|Win32
		{FB2E1D69-73DC-4908-ACBB-796D53102FB0}.Release|ARM.ActiveCfg = Release|Win32
		{FB2E1D69-73DC-4908-ACBB-796D53102FB0}.Release|ARM64.ActiveCfg = Release|Win32
		{FB2E1D69-73DC-4908-ACBB-796D53102FB0}.Release|x64.ActiveCfg = Release|x64
		{FB2E1D69-73DC-4908-ACBB-796D53102FB0}.Release|x64.Build.0 = Release|x64
		{FB2E1D69-73DC-4908-ACBB-796D53102FB0}.Release|x86.ActiveCfg = Release|Win32
		{FB2E1D69-73DC-4908-ACBB-796D53102FB0}.Release|x86.Build.0 = Release|Win32
		{2BB53289-EEDB-4BD3-B101-FA1E0FDA4D42}.Debug|Any CPU.ActiveCfg = Debug|Win32
		{2BB53289-EEDB-4BD3-B101-FA1E0FDA4D42}.Debug|ARM.ActiveCfg = Debug|Win32
		{2BB53289-EEDB-4BD3-B101-FA1E0FDA4D42}.Debug|ARM64.ActiveCfg = Debug|Win32
		{2BB53289-EEDB-4BD3-B101-FA1E0FDA4D42}.Debug|x64.ActiveCfg = Debug|x64
		{2BB53289-EEDB-4BD3-B101-FA1E0FDA4D42}.Debug|x64.Build.0 = Debug|x64
		{2BB53289-EEDB-4BD3-B101-FA1E0FDA4D42}.Debug|x86.ActiveCfg = Debug|Win32
		{2BB53289-EEDB-4BD3-B101-FA1E0FDA4D42}.Debug|x86.Build.0 = Debug|Win32
		{2BB53289-EEDB-4BD3-B101-FA1E0FDA4D42}.Release|Any CPU.ActiveCfg = Release|Win32
		{2BB53289-EEDB-4BD3-B101-FA1E0FDA4D42}.Release|ARM.ActiveCfg = Release|Win32
		{2BB53289-EEDB-4BD3-B101-FA1E0FDA4D42}.Release|ARM64.ActiveCfg = Release|Win32
		{2BB53289-EEDB-4BD3-B101-FA1E0FDA4D42}.Release|x64.ActiveCfg = Release|x64
		{2BB53289-EEDB-4BD3-B101-FA1E0FDA4D42}.Release|x64.Build.0 = Release|x64
		{2BB53289-EEDB-4BD3-B101-FA1E0FDA4D42}.Release|x86.ActiveCfg = Release|Win32
		{2BB53289-EEDB-4BD3-B101-FA1E0FDA4D42}.Release|x86.Build.0 = Release|Win32
		{ED3E3940-D535-41D5-90AE-36DCE508F985}.Debug|Any CPU.ActiveCfg = Debug|Win32
		{ED3E3940-D535-41D5-90AE-36DCE508F985}.Debug|ARM.ActiveCfg = Debug|Win32
		{ED3E3940-D535-41D5-90AE-36DCE508F985}.Debug|ARM64.ActiveCfg = Debug|Win32
		{ED3E3940-D535-41D5-90AE-36DCE508F985}.Debug|x64.ActiveCfg = Debug|x64
		{ED3E3940-D535-41D5-90AE-36DCE508F985}.Debug|x64.Build.0 = Debug|x64
		{ED3E3940-D535-41D5-90AE-36DCE508F985}.Debug|x86.ActiveCfg = Debug|Win32
		{ED3E3940-D535-41D5-90AE-36DCE508F985}.Debug|x86.Build.0 = Debug|Win32
		{ED3E3940-D535-41D5-90AE-36DCE508F985}.Release|Any CPU.ActiveCfg = Release|Win32
		{ED3E3940-D535-41D5-90AE-36DCE508F985}.Release|ARM.ActiveCfg = Release|Win32
		{ED3E3940-D535-41D5-90AE-36DCE508F985}.Release|ARM64.ActiveCfg = Release|Win32
		{ED3E3940-D535-41D5-90AE-36DCE508F985}.Release|x64.ActiveCfg = Release|x64
		{ED3E3940-D535-41D5-90AE-36DCE508F985}.Release|x64.Build.0 = Release|x64
		{ED3E3940-D535-41D5-90AE-36DCE508F985}.Release|x86.ActiveCfg = Release|Win32
		{ED3E3940-D535-41D5-90AE-36DCE508F985}.Release|x86.Build.0 = Release|Win32
		{B5647757-D16E-41F0-9D1A-923286D739FA}.Debug|Any CPU.ActiveCfg = Debug|Win32
		{B5647757-D16E-41F0-9D1A-923286D739FA}.Debug|ARM.ActiveCfg = Debug|Win32
		{B5647757-D16E-41F0-9D1A-923286D739FA}.Debug|ARM64.ActiveCfg = Debug|Win32
		{B5647757-D16E-41F0-9D1A-923286D739FA}.Debug|x64.ActiveCfg = Debug|x64
		{B5647757-D16E-41F0-9D1A-923286D739FA}.Debug|x64.Build.0 = Debug|x64
		{B5647757-D16E-41F0-9D1A-923286D739FA}.Debug|x86.ActiveCfg = Debug|Win32
		{B5647757-D16E-41F0-9D1A-923286D739FA}.Debug|x86.Build.0 = Debug|Win32
		{B5647757-D16E-41F0-9D1A-923286D739FA}.Release|Any CPU.ActiveCfg = Release|Win32
		{B5647757-D16E-41F0-9D1A-923286D739FA}.Release|ARM.ActiveCfg = Release|Win32
		{B5647757-D16E-41F0-9D1A-923286D739FA}.Release|ARM64.ActiveCfg = Release|Win32
		{B5647757-D16E-41F0-9D1A-923286D739FA}.Release|x64.ActiveCfg = Release|x64
		{B5647757-D16E-41F0-9D1A-923286D739FA}.Release|x64.Build.0 = Release|x64
		{B5647757-D16E-41F0-9D1A-923286D739FA}.Release|x86.ActiveCfg = Release|Win32
		{B5647757-D16E-41F0-9D1A-923286D739FA}.Release|x86.Build.0 = Release|Win32
		{8C579F00-0AE0-467E-AEF3-6EFB1F8E7EA1}.Debug|Any CPU.ActiveCfg = Debug|Win32
		{8C579F00-0AE0-467E-AEF3-6EFB1F8E7EA1}.Debug|ARM.ActiveCfg = Debug|Win32
		{8C579F00-0AE0-467E-AEF3-6EFB1F8E7EA1}.Debug|ARM64.ActiveCfg = Debug|Win32
		{8C579F00-0AE0-467E-AEF3-6EFB1F8E7EA1}.Debug|x64.ActiveCfg = Debug|x64
		{8C579F00-0AE0-467E-AEF3-6EFB1F8E7EA1}.Debug|x64.Build.0 = Debug|x64
		{8C579F00-0AE0-467E-AEF3-6EFB1F8E7EA1}.Debug|x86.ActiveCfg = Debug|Win32
		{8C579F00-0AE0-467E-AEF3-6EFB1F8E7EA1}.Debug|x86.Build.0 = Debug|Win32
		{8C579F00-0AE0-467E-AEF3-6EFB1F8E7EA1}.Release|Any CPU.ActiveCfg = Release|Win32
		{8C579F00-0AE0-467E-AEF3-6EFB1F8E7EA1}.Release|ARM.ActiveCfg = Release|Win32
		{8C579F00-0AE0-467E-AEF3-6EFB1F8E7EA1}.Release|ARM64.ActiveCfg = Release|Win32
		{8C579F00-0AE0-467E-AEF3-6EFB1F8E7EA1}.Release|x64.ActiveCfg = Release|x64
		{8C579F00-0AE0-467E-AEF3-6EFB1F8E7EA1}.Release|x64.Build.0 = Release|x64
		{8C579F00-0AE0-467E-AEF3-6EFB1F8E7EA1}.Release|x86.ActiveCfg = Release|Win32
		{8C579F00-0AE0-467E-AEF3-6EFB1F8E7EA1}.Release|x86.Build.0 = Release|Win32
		{C4B8B797-4C1D-4E23-A15B-6837DA349B71}.Debug|Any CPU.ActiveCfg = Debug|Win32
		{C4B8B797-4C1D-4E23-A15B-6837DA349B71}.Debug|ARM.ActiveCfg = Debug|Win32
		{C4B8B797-4C1D-4E23-A15B-6837DA349B71}.Debug|ARM64.ActiveCfg = Debug|Win32
		{C4B8B797-4C1D-4E23-A15B-6837DA349B71}.Debug|x64.ActiveCfg = Debug|x64
		{C4B8B797-4C1D-4E23-A15B-6837DA349B71}.Debug|x64.Build.0 = Debug|x64
		{C4B8B797-4C1D-4E23-A15B-6837DA349B71}.Debug|x86.ActiveCfg = Debug|Win32
		{C4B8B797-4C1D-4E23-A15B-6837DA349B71}.Debug|x86.Build.0 = Debug|Win32
		{C4B8B797-4C1D-4E23-A15B-6837DA349B71}.Release|Any CPU.ActiveCfg = Release|Win32
		{C4B8B797-4C1D-4E23-A15B-6837DA349B71}.Release|ARM.ActiveCfg = Release|Win32
		{C4B8B797-4C1D-4E23-A15B-6837DA349B71}.Release|ARM64.ActiveCfg = Release|Win32
		{C4B8B797-4C1D-4E23-A15B-6837DA349B71}.Release|x64.ActiveCfg = Release|x64
		{C4B8B797-4C1D-4E23-A15B-6837DA349B71}.Release|x64.Build.0 = Release|x64
		{C4B8B797-4C1D-4E23-A15B-6837DA349B71}.Release|x86.ActiveCfg = Release|Win32
		{C4B8B797-4C1D-4E23-A15B-6837DA349B71}.Release|x86.Build.0 = Release|Win32
		{C9FCC74D-5AF7-43BB-AEE3-5F04C0AA3375}.Debug|Any CPU.ActiveCfg = Debug|Win32
		{C9FCC74D-5AF7-43BB-AEE3-5F04C0AA3375}.Debug|ARM.ActiveCfg = Debug|Win32
		{C9FCC74D-5AF7-43BB-AEE3-5F04C0AA3375}.Debug|ARM64.ActiveCfg = Debug|Win32
		{C9FCC74D-5AF7-43BB-AEE3-5F04C0AA3375}.Debug|x64.ActiveCfg = Debug|x64
		{C9FCC74D-5AF7-43BB-AEE3-5F04C0AA3375}.Debug|x64.Build.0 = Debug|x64
		{C9FCC74D-5AF7-43BB-AEE3-5F04C0AA3375}.Debug|x86.ActiveCfg = Debug|Win32
		{C9FCC74D-5AF7-43BB-AEE3-5F04C0AA3375}.Debug|x86.Build.0 = Debug|Win32
		{C9FCC74D-5AF7-43BB-AEE3-5F04C0AA3375}.Release|Any CPU.ActiveCfg = Release|Win32
		{C9FCC74D-5AF7-43BB-AEE3-5F04C0AA3375}.Release|ARM.ActiveCfg = Release|Win32
		{C9FCC74D-5AF7-43BB-AEE3-5F04C0AA3375}.Release|ARM64.ActiveCfg = Release|Win32
		{C9FCC74D-5AF7-43BB-AEE3-5F04C0AA3375}.Release|x64.ActiveCfg = Release|x64
		{C9FCC74D-5AF7-43BB-AEE3-5F04C0AA3375}.Release|x64.Build.0 = Release|x64
		{C9FCC74D-5AF7-43BB-AEE3-5F04C0AA3375}.Release|x86.ActiveCfg = Release|Win32
		{C9FCC74D-5AF7-43BB-AEE3-5F04C0AA3375}.Release|x86.Build.0 = Release|Win32
		{1D49E36C-0DA6-4584-A92B-4232A1769A01}.Debug|Any CPU.ActiveCfg = Debug|Win32
		{1D49E36C-0DA6-4584-A92B-4232A1769A01}.Debug|ARM.ActiveCfg = Debug|Win32
		{1D49E36C-0DA6-4584-A92B-4232A1769A01}.Debug|ARM64.ActiveCfg = Debug|Win32
		{1D49E36C-0DA6-4584-A92B-4232A1769A01}.Debug|x64.ActiveCfg = Debug|x64
		{1D49E36C-0DA6-4584-A92B-4232A1769A01}.Debug|x64.Build.0 = Debug|x64
		{1D49E36C-0DA6-4584-A92B-4232A1769A01}.Debug|x86.ActiveCfg = Debug|Win32
		{1D49E36C-0DA6-4584-A92B-4232A1769A01}.Debug|x86.Build.0 = Debug|Win32
		{1D49E36C-0DA6-4584-A92B-4232A1769A01}.Release|Any CPU.ActiveCfg = Release|Win32
		{1D49E36C-0DA6-4584-A92B-4232A1769A01}.Release|ARM.ActiveCfg = Release|Win32
		{1D49E36C-0DA6-4584-A92B-4232A1769A01}.Release|ARM64.ActiveCfg = Release|Win32
		{1D49E36C-0DA6-4584-A92B-4232A1769A01}.Release|x64.ActiveCfg = Release|x64
		{1D49E36C-0DA6-4584-A92B-4232A1769A01}.Release|x64.Build.0 = Release|x64
		{1D49E36C-0DA6-4584-A92B-4232A1769A01}.Release|x86.ActiveCfg = Release|Win32
		{1D49E36C-0DA6-4584-A92B-4232A1769A01}.Release|x86.Build.0 = Release|Win32
		{CE51C788-5BB1-49C1-A3C3-EA6AAA717952}.Debug|Any CPU.ActiveCfg = Debug|Win32
		{CE51C788-5BB1-49C1-A3C3-EA6AAA717952}.Debug|ARM.ActiveCfg = Debug|Win32
		{CE51C788-5BB1-49C1-A3C3-EA6AAA717952}.Debug|ARM64.ActiveCfg = Debug|Win32
		{CE51C788-5BB1-49C1-A3C3-EA6AAA717952}.Debug|x64.ActiveCfg = Debug|x64
		{CE51C788-5BB1-49C1-A3C3-EA6AAA717952}.Debug|x64.Build.0 = Debug|x64
		{CE51C788-5BB1-49C1-A3C3-EA6AAA717952}.Debug|x86.ActiveCfg = Debug|Win32
		{CE51C788-5BB1-49C1-A3C3-EA6AAA717952}.Debug|x86.Build.0 = Debug|Win32
		{CE51C788-5BB1-49C1-A3C3-EA6AAA717952}.Release|Any CPU.ActiveCfg = Release|Win32
		{CE51C788-5BB1-49C1-A3C3-EA6AAA717952}.Release|ARM.ActiveCfg = Release|Win32
		{CE51C788-5BB1-49C1-A3C3-EA6AAA717952}.Release|ARM64.ActiveCfg = Release|Win32
		{CE51C788-5BB1-49C1-A3C3-EA6AAA717952}.Release|x64.ActiveCfg = Release|x64
		{CE51C788-5BB1-49C1-A3C3-EA6AAA717952}.Release|x64.Build.0 = Release|x64
		{CE51C788-5BB1-49C1-A3C3-EA6AAA717952}.Release|x86.ActiveCfg = Release|Win32
		{CE51C788-5BB1-49C1-A3C3-EA6AAA717952}.Release|x86.Build.0 = Release|Win32
		{E71B98BA-5796-43EE-880B-CC66A05C075D}.Debug|Any CPU.ActiveCfg = Debug|Win32
		{E71B98BA-5796-43EE-880B-CC66A05C075D}.Debug|ARM.ActiveCfg = Debug|Win32
		{E71B98BA-5796-43EE-880B-CC66A05C075D}.Debug|ARM64.ActiveCfg = Debug|Win32
		{E71B98BA-5796-43EE-880B-CC66A05C075D}.Debug|x64.ActiveCfg = Debug|x64
		{E71B98BA-5796-43EE-880B-CC66A05C075D}.Debug|x64.Build.0 = Debug|x64
		{E71B98BA-5796-43EE-880B-CC66A05C075D}.Debug|x86.ActiveCfg = Debug|Win32
		{E71B98BA-5796-43EE-880B-CC66A05C075D}.Debug|x86.Build.0 = Debug|Win32
		{E71B98BA-5796-43EE-880B-CC66A05C075D}.Release|Any CPU.ActiveCfg = Release|Win32
		{E71B98BA-5796-43EE-880B-CC66A05C075D}.Release|ARM.ActiveCfg = Release|Win32
		{E71B98BA-5796-43EE-880B-CC66A05C075D}.Release|ARM64.ActiveCfg = Release|Win32
		{E71B98BA-5796-43EE-880B-CC66A05C075D}.Release|x64.ActiveCfg = Release|x64
		{E71B98BA-5796-43EE-880B-CC66A05C075D}.Release|x64.Build.0 = Release|x64
		{E71B98BA-5796-43EE-880B-CC66A05C075D}.Release|x86.ActiveCfg = Release|Win32
		{E71B98BA-5796-43EE-880B-CC66A05C075D}.Release|x86.Build.0 = Release|Win32
		{07A2A15A-4A4A-45E5-87F2-EE6991415EC2}.Debug|Any CPU.ActiveCfg = Debug|Win32
		{07A2A15A-4A4A-45E5-87F2-EE6991415EC2}.Debug|ARM.ActiveCfg = Debug|Win32
		{07A2A15A-4A4A-45E5-87F2-EE6991415EC2}.Debug|ARM64.ActiveCfg = Debug|Win32
		{07A2A15A-4A4A-45E5-87F2-EE6991415EC2}.Debug|x64.ActiveCfg = Debug|x64
		{07A2A15A-4A4A-45E5-87F2-EE6991415EC2}.Debug|x64.Build.0 = Debug|x64
		{07A2A15A-4A4A-45E5-87F2-EE6991415EC2}.Debug|x86.ActiveCfg = Debug|Win32
		{07A2A15A-4A4A-45E5-87F2-EE6991415EC2}.Debug|x86.Build.0 = Debug|Win32
		{07A2A15A-4A4A-45E5-87F2-EE6991415EC2}.Release|Any CPU.ActiveCfg = Release|Win32
		{07A2A15A-4A4A-45E5-87F2-EE6991415EC2}.Release|ARM.ActiveCfg = Release|Win32
		{07A2A15A-4A4A-45E5-87F2-EE6991415EC2}.Release|ARM64.ActiveCfg = Release|Win32
		{07A2A15A-4A4A-45E5-87F2-EE6991415EC2}.Release|x64.ActiveCfg = Release|x64
		{07A2A15A-4A4A-45E5-87F2-EE6991415EC2}.Release|x64.Build.0 = Release|x64
		{07A2A15A-4A4A-45E5-87F2-EE6991415EC2}.Release|x86.ActiveCfg = Release|Win32
		{07A2A15A-4A4A-45E5-87F2-EE6991415EC2}.Release|x86.Build.0 = Release|Win32
		{8CEF2D07-1F0D-4E9B-9D68-B1B54649D790}.Debug|Any CPU.ActiveCfg = Debug|Win32
		{8CEF2D07-1F0D-4E9B-9D68-B1B54649D790}.Debug|ARM.ActiveCfg = Debug|Win32
		{8CEF2D07-1F0D-4E9B-9D68-B1B54649D790}.Debug|ARM64.ActiveCfg = Debug|Win32
		{8CEF2D07-1F0D-4E9B-9D68-B1B54649D790}.Debug|x64.ActiveCfg = Debug|x64
		{8CEF2D07-1F0D-4E9B-9D68-B1B54649D790}.Debug|x64.Build.0 = Debug|x64
		{8CEF2D07-1F0D-4E9B-9D68-B1B54649D790}.Debug|x86.ActiveCfg = Debug|Win32
		{8CEF2D07-1F0D-4E9B-9D68-B1B54649D790}.Debug|x86.Build.0 = Debug|Win32
		{8CEF2D07-1F0D-4E9B-9D68-B1B54649D790}.Release|Any CPU.ActiveCfg = Release|Win32
		{8CEF2D07-1F0D-4E9B-9D68-B1B54649D790}.Release|ARM.ActiveCfg = Release|Win32
		{8CEF2D07-1F0D-4E9B-9D68-B1B54649D790}.Release|ARM64.ActiveCfg = Release|Win32
		{8CEF2D07-1F0D-4E9B-9D68-B1B54649D790}.Release|x64.ActiveCfg = Release|x64
		{8CEF2D07-1F0D-4E9B-9D68-B1B54649D790}.Release|x64.Build.0 = Release|x64
		{8CEF2D07-1F0D-4E9B-9D68-B1B54649D790}.Release|x86.ActiveCfg = Release|Win32
		{8CEF2D07-1F0D-4E9B-9D68-B1B54649D790}.Release|x86.Build.0 = Release|Win32
		{4E0C1C9A-9BC2-46D7-B104-4FB5A7A59002}.Debug|Any CPU.ActiveCfg = Debug|Win32
		{4E0C1C9A-9BC2-46D7-B104-4FB5A7A59002}.Debug|ARM.ActiveCfg = Debug|Win32
		{4E0C1C9A-9BC2-46D7-B104-4FB5A7A59002}.Debug|ARM64.ActiveCfg = Debug|Win32
		{4E0C1C9A-9BC2-46D7-B104-4FB5A7A59002}.Debug|x64.ActiveCfg = Debug|x64
		{4E0C1C9A-9BC2-46D7-B104-4FB5A7A59002}.Debug|x64.Build.0 = Debug|x64
		{4E0C1C9A-9BC2-46D7-B104-4FB5A7A59002}.Debug|x86.ActiveCfg = Debug|Win32
		{4E0C1C9A-9BC2-46D7-B104-4FB5A7A59002}.Debug|x86.Build.0 = Debug|Win32
		{4E0C1C9A-9BC2-46D7-B104-4FB5A7A59002}.Release|Any CPU.ActiveCfg = Release|Win32
		{4E0C1C9A-9BC2-46D7-B104-4FB5A7A59002}.Release|ARM.ActiveCfg = Release|Win32
		{4E0C1C9A-9BC2-46D7-B104-4FB5A7A59002}.Release|ARM64.ActiveCfg = Release|Win32
		{4E0C1C9A-9BC2-46D7-B104-4FB5A7A59002}.Release|x64.ActiveCfg = Release|x64
		{4E0C1C9A-9BC2-46D7-B104-4FB5A7A59002}.Release|x64.Build.0 = Release|x64
		{4E0C1C9A-9BC2-46D7-B104-4FB5A7A59002}.Release|x86.ActiveCfg = Release|Win32
		{4E0C1C9A-9BC2-46D7-B104-4FB5A7A59002}.Release|x86.Build.0 = Release|Win32
		{67577D37-AA70-4D0E-90C3-EE5F10177221}.Debug|Any CPU.ActiveCfg = Debug|Win32
		{67577D37-AA70-4D0E-90C3-EE5F10177221}.Debug|ARM.ActiveCfg = Debug|Win32
		{67577D37-AA70-4D0E-90C3-EE5F10177221}.Debug|ARM64.ActiveCfg = Debug|Win32
		{67577D37-AA70-4D0E-90C3-EE5F10177221}.Debug|x64.ActiveCfg = Debug|x64
		{67577D37-AA70-4D0E-90C3-EE5F10177221}.Debug|x64.Build.0 = Debug|x64
		{67577D37-AA70-4D0E-90C3-EE5F10177221}.Debug|x86.ActiveCfg = Debug|Win32
		{67577D37-AA70-4D0E-90C3-EE5F10177221}.Debug|x86.Build.0 = Debug|Win32
		{67577D37-AA70-4D0E-90C3-EE5F10177221}.Release|Any CPU.ActiveCfg = Release|Win32
		{67577D37-AA70-4D0E-90C3-EE5F10177221}.Release|ARM.ActiveCfg = Release|Win32
		{67577D37-AA70-4D0E-90C3-EE5F10177221}.Release|ARM64.ActiveCfg = Release|Win32
		{67577D37-AA70-4D0E-90C3-EE5F10177221}.Release|x64.ActiveCfg = Release|x64
		{67577D37-AA70-4D0E-90C3-EE5F10177221}.Release|x64.Build.0 = Release|x64
		{67577D37-AA70-4D0E-90C3-EE5F10177221}.Release|x86.ActiveCfg = Release|Win32
		{67577D37-AA70-4D0E-90C3-EE5F10177221}.Release|x86.Build.0 = Release|Win32
		{0C7B34DF-8A4F-429B-B654-3D4AE447B33E}.Debug|Any CPU.ActiveCfg = Debug|Win32
		{0C7B34DF-8A4F-429B-B654-3D4AE447B33E}.Debug|ARM.ActiveCfg = Debug|Win32
		{0C7B34DF-8A4F-429B-B654-3D4AE447B33E}.Debug|ARM64.ActiveCfg = Debug|Win32
		{0C7B34DF-8A4F-429B-B654-3D4AE447B33E}.Debug|x64.ActiveCfg = Debug|x64
		{0C7B34DF-8A4F-429B-B654-3D4AE447B33E}.Debug|x64.Build.0 = Debug|x64
		{0C7B34DF-8A4F-429B-B654-3D4AE447B33E}.Debug|x86.ActiveCfg = Debug|Win32
		{0C7B34DF-8A4F-429B-B654-3D4AE447B33E}.Debug|x86.Build.0 = Debug|Win32
		{0C7B34DF-8A4F-429B-B654-3D4AE447B33E}.Release|Any CPU.ActiveCfg = Release|Win32
		{0C7B34DF-8A4F-429B-B654-3D4AE447B33E}.Release|ARM.ActiveCfg = Release|Win32
		{0C7B34DF-8A4F-429B-B654-3D4AE447B33E}.Release|ARM64.ActiveCfg = Release|Win32
		{0C7B34DF-8A4F-429B-B654-3D4AE447B33E}.Release|x64.ActiveCfg = Release|x64
		{0C7B34DF-8A4F-429B-B654-3D4AE447B33E}.Release|x64.Build.0 = Release|x64
		{0C7B34DF-8A4F-429B-B654-3D4AE447B33E}.Release|x86.ActiveCfg = Release|Win32
		{0C7B34DF-8A4F-429B-B654-3D4AE447B33E}.Release|x86.Build.0 = Release|Win32
		{5FF4CDF6-F35A-4159-A759-F08F17CCDDC8}.Debug|Any CPU.ActiveCfg = Debug|Win32
		{5FF4CDF6-F35A-4159-A759-F08F17CCDDC8}.Debug|ARM.ActiveCfg = Debug|Win32
		{5FF4CDF6-F35A-4159-A759-F08F17CCDDC8}.Debug|ARM64.ActiveCfg = Debug|Win32
		{5FF4CDF6-F35A-4159-A759-F08F17CCDDC8}.Debug|x64.ActiveCfg = Debug|x64
		{5FF4CDF6-F35A-4159-A759-F08F17CCDDC8}.Debug|x64.Build.0 = Debug|x64
		{5FF4CDF6-F35A-4159-A759-F08F17CCDDC8}.Debug|x86.ActiveCfg = Debug|Win32
		{5FF4CDF6-F35A-4159-A759-F08F17CCDDC8}.Debug|x86.Build.0 = Debug|Win32
		{5FF4CDF6-F35A-4159-A759-F08F17CCDDC8}.Release|Any CPU.ActiveCfg = Release|Win32
		{5FF4CDF6-F35A-4159-A759-F08F17CCDDC8}.Release|ARM.ActiveCfg = Release|Win32
		{5FF4CDF6-F35A-4159-A759-F08F17CCDDC8}.Release|ARM64.ActiveCfg = Release|Win32
		{5FF4CDF6-F35A-4159-A759-F08F17CCDDC8}.Release|x64.ActiveCfg = Release|x64
		{5FF4CDF6-F35A-4159-A759-F08F17CCDDC8}.Release|x64.Build.0 = Release|x64
		{5FF4CDF6-F35A-4159-A759-F08F17CCDDC8}.Release|x86.ActiveCfg = Release|Win32
		{5FF4CDF6-F35A-4159-A759-F08F17CCDDC8}.Release|x86.Build.0 = Release|Win32
		{E5359E75-2B77-433C-835D-2EAF2B2DB3F7}.Debug|Any CPU.ActiveCfg = Debug|Win32
		{E5359E75-2B77-433C-835D-2EAF2B2DB3F7}.Debug|ARM.ActiveCfg = Debug|Win32
		{E5359E75-2B77-433C-835D-2EAF2B2DB3F7}.Debug|ARM64.ActiveCfg = Debug|Win32
		{E5359E75-2B77-433C-835D-2EAF2B2DB3F7}.Debug|x64.ActiveCfg = Debug|x64
		{E5359E75-2B77-433C-835D-2EAF2B2DB3F7}.Debug|x64.Build.0 = Debug|x64
		{E5359E75-2B77-433C-835D-2EAF2B2DB3F7}.Debug|x86.ActiveCfg = Debug|Win32
		{E5359E75-2B77-433C-835D-2EAF2B2DB3F7}.Debug|x86.Build.0 = Debug|Win32
		{E5359E75-2B77-433C-835D-2EAF2B2DB3F7}.Release|Any CPU.ActiveCfg = Release|Win32
		{E5359E75-2B77-433C-835D-2EAF2B2DB3F7}.Release|ARM.ActiveCfg = Release|Win32
		{E5359E75-2B77-433C-835D-2EAF2B2DB3F7}.Release|ARM64.ActiveCfg = Release|Win32
		{E5359E75-2B77-433C-835D-2EAF2B2DB3F7}.Release|x64.ActiveCfg = Release|x64
		{E5359E75-2B77-433C-835D-2EAF2B2DB3F7}.Release|x64.Build.0 = Release|x64
		{E5359E75-2B77-433C-835D-2EAF2B2DB3F7}.Release|x86.ActiveCfg = Release|Win32
		{E5359E75-2B77-433C-835D-2EAF2B2DB3F7}.Release|x86.Build.0 = Release|Win32
		{34A77FD1-498F-493C-A13D-BE4120B2BE6F}.Debug|Any CPU.ActiveCfg = Debug|Win32
		{34A77FD1-498F-493C-A13D-BE4120B2BE6F}.Debug|ARM.ActiveCfg = Debug|Win32
		{34A77FD1-498F-493C-A13D-BE4120B2BE6F}.Debug|ARM64.ActiveCfg = Debug|Win32
		{34A77FD1-498F-493C-A13D-BE4120B2BE6F}.Debug|x64.ActiveCfg = Debug|x64
		{34A77FD1-498F-493C-A13D-BE4120B2BE6F}.Debug|x64.Build.0 = Debug|x64
		{34A77FD1-498F-493C-A13D-BE4120B2BE6F}.Debug|x86.ActiveCfg = Debug|Win32
		{34A77FD1-498F-493C-A13D-BE4120B2BE6F}.Debug|x86.Build.0 = Debug|Win32
		{34A77FD1-498F-493C-A13D-BE4120B2BE6F}.Release|Any CPU.ActiveCfg = Release|Win32
		{34A77FD1-498F-493C-A13D-BE4120B2BE6F}.Release|ARM.ActiveCfg = Release|Win32
		{34A77FD1-498F-493C-A13D-BE4120B2BE6F}.Release|ARM64.ActiveCfg = Release|Win32
		{34A77FD1-498F-493C-A13D-BE4120B2BE6F}.Release|x64.ActiveCfg = Release|x64
		{34A77FD1-498F-493C-A13D-BE4120B2BE6F}.Release|x64.Build.0 = Release|x64
		{34A77FD1-498F-493C-A13D-BE4120B2BE6F}.Release|x86.ActiveCfg = Release|Win32
		{34A77FD1-498F-493C-A13D-BE4120B2BE6F}.Release|x86.Build.0 = Release|Win32
		{BB672D96-A552-456C-A5BF-57C1EF71A33F}.Debug|Any CPU.ActiveCfg = Debug|Any CPU
		{BB672D96-A552-456C-A5BF-57C1EF71A33F}.Debug|Any CPU.Build.0 = Debug|Any CPU
		{BB672D96-A552-456C-A5BF-57C1EF71A33F}.Debug|ARM.ActiveCfg = Debug|Any CPU
		{BB672D96-A552-456C-A5BF-57C1EF71A33F}.Debug|ARM.Build.0 = Debug|Any CPU
		{BB672D96-A552-456C-A5BF-57C1EF71A33F}.Debug|ARM64.ActiveCfg = Debug|Any CPU
		{BB672D96-A552-456C-A5BF-57C1EF71A33F}.Debug|ARM64.Build.0 = Debug|Any CPU
		{BB672D96-A552-456C-A5BF-57C1EF71A33F}.Debug|x64.ActiveCfg = Debug|x64
		{BB672D96-A552-456C-A5BF-57C1EF71A33F}.Debug|x64.Build.0 = Debug|x64
		{BB672D96-A552-456C-A5BF-57C1EF71A33F}.Debug|x86.ActiveCfg = Debug|Any CPU
		{BB672D96-A552-456C-A5BF-57C1EF71A33F}.Debug|x86.Build.0 = Debug|Any CPU
		{BB672D96-A552-456C-A5BF-57C1EF71A33F}.Release|Any CPU.ActiveCfg = Release|Any CPU
		{BB672D96-A552-456C-A5BF-57C1EF71A33F}.Release|Any CPU.Build.0 = Release|Any CPU
		{BB672D96-A552-456C-A5BF-57C1EF71A33F}.Release|ARM.ActiveCfg = Release|Any CPU
		{BB672D96-A552-456C-A5BF-57C1EF71A33F}.Release|ARM.Build.0 = Release|Any CPU
		{BB672D96-A552-456C-A5BF-57C1EF71A33F}.Release|ARM64.ActiveCfg = Release|Any CPU
		{BB672D96-A552-456C-A5BF-57C1EF71A33F}.Release|ARM64.Build.0 = Release|Any CPU
		{BB672D96-A552-456C-A5BF-57C1EF71A33F}.Release|x64.ActiveCfg = Release|Any CPU
		{BB672D96-A552-456C-A5BF-57C1EF71A33F}.Release|x64.Build.0 = Release|Any CPU
		{BB672D96-A552-456C-A5BF-57C1EF71A33F}.Release|x86.ActiveCfg = Release|Any CPU
		{BB672D96-A552-456C-A5BF-57C1EF71A33F}.Release|x86.Build.0 = Release|Any CPU
		{0C5C16D9-2302-4B66-AC9F-A999B01CE478}.Debug|Any CPU.ActiveCfg = Debug|Win32
		{0C5C16D9-2302-4B66-AC9F-A999B01CE478}.Debug|ARM.ActiveCfg = Debug|Win32
		{0C5C16D9-2302-4B66-AC9F-A999B01CE478}.Debug|ARM64.ActiveCfg = Debug|Win32
		{0C5C16D9-2302-4B66-AC9F-A999B01CE478}.Debug|x64.ActiveCfg = Debug|x64
		{0C5C16D9-2302-4B66-AC9F-A999B01CE478}.Debug|x64.Build.0 = Debug|x64
		{0C5C16D9-2302-4B66-AC9F-A999B01CE478}.Debug|x86.ActiveCfg = Debug|Win32
		{0C5C16D9-2302-4B66-AC9F-A999B01CE478}.Debug|x86.Build.0 = Debug|Win32
		{0C5C16D9-2302-4B66-AC9F-A999B01CE478}.Release|Any CPU.ActiveCfg = Release|Win32
		{0C5C16D9-2302-4B66-AC9F-A999B01CE478}.Release|ARM.ActiveCfg = Release|Win32
		{0C5C16D9-2302-4B66-AC9F-A999B01CE478}.Release|ARM64.ActiveCfg = Release|Win32
		{0C5C16D9-2302-4B66-AC9F-A999B01CE478}.Release|x64.ActiveCfg = Release|x64
		{0C5C16D9-2302-4B66-AC9F-A999B01CE478}.Release|x64.Build.0 = Release|x64
		{0C5C16D9-2302-4B66-AC9F-A999B01CE478}.Release|x86.ActiveCfg = Release|Win32
		{0C5C16D9-2302-4B66-AC9F-A999B01CE478}.Release|x86.Build.0 = Release|Win32
		{B7E49EC8-1D36-4324-A499-A05D98D8B48D}.Debug|Any CPU.ActiveCfg = Debug|Win32
		{B7E49EC8-1D36-4324-A499-A05D98D8B48D}.Debug|ARM.ActiveCfg = Debug|Win32
		{B7E49EC8-1D36-4324-A499-A05D98D8B48D}.Debug|ARM64.ActiveCfg = Debug|Win32
		{B7E49EC8-1D36-4324-A499-A05D98D8B48D}.Debug|x64.ActiveCfg = Debug|x64
		{B7E49EC8-1D36-4324-A499-A05D98D8B48D}.Debug|x64.Build.0 = Debug|x64
		{B7E49EC8-1D36-4324-A499-A05D98D8B48D}.Debug|x86.ActiveCfg = Debug|Win32
		{B7E49EC8-1D36-4324-A499-A05D98D8B48D}.Debug|x86.Build.0 = Debug|Win32
		{B7E49EC8-1D36-4324-A499-A05D98D8B48D}.Release|Any CPU.ActiveCfg = Release|Win32
		{B7E49EC8-1D36-4324-A499-A05D98D8B48D}.Release|ARM.ActiveCfg = Release|Win32
		{B7E49EC8-1D36-4324-A499-A05D98D8B48D}.Release|ARM64.ActiveCfg = Release|Win32
		{B7E49EC8-1D36-4324-A499-A05D98D8B48D}.Release|x64.ActiveCfg = Release|x64
		{B7E49EC8-1D36-4324-A499-A05D98D8B48D}.Release|x64.Build.0 = Release|x64
		{B7E49EC8-1D36-4324-A499-A05D98D8B48D}.Release|x86.ActiveCfg = Release|Win32
		{B7E49EC8-1D36-4324-A499-A05D98D8B48D}.Release|x86.Build.0 = Release|Win32
		{CE26AB8F-8BFD-41C9-BD82-B9B11807CF5D}.Debug|Any CPU.ActiveCfg = Debug|Win32
		{CE26AB8F-8BFD-41C9-BD82-B9B11807CF5D}.Debug|ARM.ActiveCfg = Debug|Win32
		{CE26AB8F-8BFD-41C9-BD82-B9B11807CF5D}.Debug|ARM64.ActiveCfg = Debug|Win32
		{CE26AB8F-8BFD-41C9-BD82-B9B11807CF5D}.Debug|x64.ActiveCfg = Debug|x64
		{CE26AB8F-8BFD-41C9-BD82-B9B11807CF5D}.Debug|x64.Build.0 = Debug|x64
		{CE26AB8F-8BFD-41C9-BD82-B9B11807CF5D}.Debug|x86.ActiveCfg = Debug|Win32
		{CE26AB8F-8BFD-41C9-BD82-B9B11807CF5D}.Debug|x86.Build.0 = Debug|Win32
		{CE26AB8F-8BFD-41C9-BD82-B9B11807CF5D}.Release|Any CPU.ActiveCfg = Release|Win32
		{CE26AB8F-8BFD-41C9-BD82-B9B11807CF5D}.Release|ARM.ActiveCfg = Release|Win32
		{CE26AB8F-8BFD-41C9-BD82-B9B11807CF5D}.Release|ARM64.ActiveCfg = Release|Win32
		{CE26AB8F-8BFD-41C9-BD82-B9B11807CF5D}.Release|x64.ActiveCfg = Release|x64
		{CE26AB8F-8BFD-41C9-BD82-B9B11807CF5D}.Release|x64.Build.0 = Release|x64
		{CE26AB8F-8BFD-41C9-BD82-B9B11807CF5D}.Release|x86.ActiveCfg = Release|Win32
		{CE26AB8F-8BFD-41C9-BD82-B9B11807CF5D}.Release|x86.Build.0 = Release|Win32
		{DFADB25C-EB79-45AA-8C95-95DC57224EEC}.Debug|Any CPU.ActiveCfg = Debug|Win32
		{DFADB25C-EB79-45AA-8C95-95DC57224EEC}.Debug|ARM.ActiveCfg = Debug|Win32
		{DFADB25C-EB79-45AA-8C95-95DC57224EEC}.Debug|ARM64.ActiveCfg = Debug|Win32
		{DFADB25C-EB79-45AA-8C95-95DC57224EEC}.Debug|x64.ActiveCfg = Debug|x64
		{DFADB25C-EB79-45AA-8C95-95DC57224EEC}.Debug|x64.Build.0 = Debug|x64
		{DFADB25C-EB79-45AA-8C95-95DC57224EEC}.Debug|x86.ActiveCfg = Debug|Win32
		{DFADB25C-EB79-45AA-8C95-95DC57224EEC}.Debug|x86.Build.0 = Debug|Win32
		{DFADB25C-EB79-45AA-8C95-95DC57224EEC}.Release|Any CPU.ActiveCfg = Release|Win32
		{DFADB25C-EB79-45AA-8C95-95DC57224EEC}.Release|ARM.ActiveCfg = Release|Win32
		{DFADB25C-EB79-45AA-8C95-95DC57224EEC}.Release|ARM64.ActiveCfg = Release|Win32
		{DFADB25C-EB79-45AA-8C95-95DC57224EEC}.Release|x64.ActiveCfg = Release|x64
		{DFADB25C-EB79-45AA-8C95-95DC57224EEC}.Release|x64.Build.0 = Release|x64
		{DFADB25C-EB79-45AA-8C95-95DC57224EEC}.Release|x86.ActiveCfg = Release|Win32
		{DFADB25C-EB79-45AA-8C95-95DC57224EEC}.Release|x86.Build.0 = Release|Win32
		{4521A661-E673-473E-881C-1C9BFA723470}.Debug|Any CPU.ActiveCfg = Debug|Any CPU
		{4521A661-E673-473E-881C-1C9BFA723470}.Debug|Any CPU.Build.0 = Debug|Any CPU
		{4521A661-E673-473E-881C-1C9BFA723470}.Debug|ARM.ActiveCfg = Debug|Any CPU
		{4521A661-E673-473E-881C-1C9BFA723470}.Debug|ARM.Build.0 = Debug|Any CPU
		{4521A661-E673-473E-881C-1C9BFA723470}.Debug|ARM64.ActiveCfg = Debug|Any CPU
		{4521A661-E673-473E-881C-1C9BFA723470}.Debug|ARM64.Build.0 = Debug|Any CPU
		{4521A661-E673-473E-881C-1C9BFA723470}.Debug|x64.ActiveCfg = Debug|x64
		{4521A661-E673-473E-881C-1C9BFA723470}.Debug|x64.Build.0 = Debug|x64
		{4521A661-E673-473E-881C-1C9BFA723470}.Debug|x86.ActiveCfg = Debug|Any CPU
		{4521A661-E673-473E-881C-1C9BFA723470}.Debug|x86.Build.0 = Debug|Any CPU
		{4521A661-E673-473E-881C-1C9BFA723470}.Release|Any CPU.ActiveCfg = Release|Any CPU
		{4521A661-E673-473E-881C-1C9BFA723470}.Release|Any CPU.Build.0 = Release|Any CPU
		{4521A661-E673-473E-881C-1C9BFA723470}.Release|ARM.ActiveCfg = Release|Any CPU
		{4521A661-E673-473E-881C-1C9BFA723470}.Release|ARM.Build.0 = Release|Any CPU
		{4521A661-E673-473E-881C-1C9BFA723470}.Release|ARM64.ActiveCfg = Release|Any CPU
		{4521A661-E673-473E-881C-1C9BFA723470}.Release|ARM64.Build.0 = Release|Any CPU
		{4521A661-E673-473E-881C-1C9BFA723470}.Release|x64.ActiveCfg = Release|Any CPU
		{4521A661-E673-473E-881C-1C9BFA723470}.Release|x64.Build.0 = Release|Any CPU
		{4521A661-E673-473E-881C-1C9BFA723470}.Release|x86.ActiveCfg = Release|Any CPU
		{4521A661-E673-473E-881C-1C9BFA723470}.Release|x86.Build.0 = Release|Any CPU
		{A7F2CC53-8EA7-4234-BF10-23EE76A67372}.Debug|Any CPU.ActiveCfg = Debug|Win32
		{A7F2CC53-8EA7-4234-BF10-23EE76A67372}.Debug|ARM.ActiveCfg = Debug|Win32
		{A7F2CC53-8EA7-4234-BF10-23EE76A67372}.Debug|ARM64.ActiveCfg = Debug|Win32
		{A7F2CC53-8EA7-4234-BF10-23EE76A67372}.Debug|x64.ActiveCfg = Debug|x64
		{A7F2CC53-8EA7-4234-BF10-23EE76A67372}.Debug|x64.Build.0 = Debug|x64
		{A7F2CC53-8EA7-4234-BF10-23EE76A67372}.Debug|x86.ActiveCfg = Debug|Win32
		{A7F2CC53-8EA7-4234-BF10-23EE76A67372}.Debug|x86.Build.0 = Debug|Win32
		{A7F2CC53-8EA7-4234-BF10-23EE76A67372}.Release|Any CPU.ActiveCfg = Release|Win32
		{A7F2CC53-8EA7-4234-BF10-23EE76A67372}.Release|ARM.ActiveCfg = Release|Win32
		{A7F2CC53-8EA7-4234-BF10-23EE76A67372}.Release|ARM64.ActiveCfg = Release|Win32
		{A7F2CC53-8EA7-4234-BF10-23EE76A67372}.Release|x64.ActiveCfg = Release|x64
		{A7F2CC53-8EA7-4234-BF10-23EE76A67372}.Release|x64.Build.0 = Release|x64
		{A7F2CC53-8EA7-4234-BF10-23EE76A67372}.Release|x86.ActiveCfg = Release|Win32
		{A7F2CC53-8EA7-4234-BF10-23EE76A67372}.Release|x86.Build.0 = Release|Win32
		{85598458-6451-4A65-B9E9-53EFA4428E23}.Debug|Any CPU.ActiveCfg = Debug|Win32
		{85598458-6451-4A65-B9E9-53EFA4428E23}.Debug|ARM.ActiveCfg = Debug|Win32
		{85598458-6451-4A65-B9E9-53EFA4428E23}.Debug|ARM64.ActiveCfg = Debug|Win32
		{85598458-6451-4A65-B9E9-53EFA4428E23}.Debug|x64.ActiveCfg = Debug|x64
		{85598458-6451-4A65-B9E9-53EFA4428E23}.Debug|x64.Build.0 = Debug|x64
		{85598458-6451-4A65-B9E9-53EFA4428E23}.Debug|x86.ActiveCfg = Debug|Win32
		{85598458-6451-4A65-B9E9-53EFA4428E23}.Debug|x86.Build.0 = Debug|Win32
		{85598458-6451-4A65-B9E9-53EFA4428E23}.Release|Any CPU.ActiveCfg = Release|Win32
		{85598458-6451-4A65-B9E9-53EFA4428E23}.Release|ARM.ActiveCfg = Release|Win32
		{85598458-6451-4A65-B9E9-53EFA4428E23}.Release|ARM64.ActiveCfg = Release|Win32
		{85598458-6451-4A65-B9E9-53EFA4428E23}.Release|x64.ActiveCfg = Release|x64
		{85598458-6451-4A65-B9E9-53EFA4428E23}.Release|x64.Build.0 = Release|x64
		{85598458-6451-4A65-B9E9-53EFA4428E23}.Release|x86.ActiveCfg = Release|Win32
		{85598458-6451-4A65-B9E9-53EFA4428E23}.Release|x86.Build.0 = Release|Win32
		{5C8E53B3-8D41-46F3-9F72-2BC6B49E3D4C}.Debug|Any CPU.ActiveCfg = Debug|Win32
		{5C8E53B3-8D41-46F3-9F72-2BC6B49E3D4C}.Debug|ARM.ActiveCfg = Debug|Win32
		{5C8E53B3-8D41-46F3-9F72-2BC6B49E3D4C}.Debug|ARM64.ActiveCfg = Debug|Win32
		{5C8E53B3-8D41-46F3-9F72-2BC6B49E3D4C}.Debug|x64.ActiveCfg = Debug|x64
		{5C8E53B3-8D41-46F3-9F72-2BC6B49E3D4C}.Debug|x64.Build.0 = Debug|x64
		{5C8E53B3-8D41-46F3-9F72-2BC6B49E3D4C}.Debug|x86.ActiveCfg = Debug|Win32
		{5C8E53B3-8D41-46F3-9F72-2BC6B49E3D4C}.Debug|x86.Build.0 = Debug|Win32
		{5C8E53B3-8D41-46F3-9F72-2BC6B49E3D4C}.Release|Any CPU.ActiveCfg = Release|Win32
		{5C8E53B3-8D41-46F3-9F72-2BC6B49E3D4C}.Release|ARM.ActiveCfg = Release|Win32
		{5C8E53B3-8D41-46F3-9F72-2BC6B49E3D4C}.Release|ARM64.ActiveCfg = Release|Win32
		{5C8E53B3-8D41-46F3-9F72-2BC6B49E3D4C}.Release|x64.ActiveCfg = Release|x64
		{5C8E53B3-8D41-46F3-9F72-2BC6B49E3D4C}.Release|x64.Build.0 = Release|x64
		{5C8E53B3-8D41-46F3-9F72-2BC6B49E3D4C}.Release|x86.ActiveCfg = Release|Win32
		{5C8E53B3-8D41-46F3-9F72-2BC6B49E3D4C}.Release|x86.Build.0 = Release|Win32
		{E45F3CBF-196F-4F0D-AD2D-2E9619298666}.Debug|Any CPU.ActiveCfg = Debug|Any CPU
		{E45F3CBF-196F-4F0D-AD2D-2E9619298666}.Debug|Any CPU.Build.0 = Debug|Any CPU
		{E45F3CBF-196F-4F0D-AD2D-2E9619298666}.Debug|ARM.ActiveCfg = Debug|Any CPU
		{E45F3CBF-196F-4F0D-AD2D-2E9619298666}.Debug|ARM.Build.0 = Debug|Any CPU
		{E45F3CBF-196F-4F0D-AD2D-2E9619298666}.Debug|ARM64.ActiveCfg = Debug|Any CPU
		{E45F3CBF-196F-4F0D-AD2D-2E9619298666}.Debug|ARM64.Build.0 = Debug|Any CPU
		{E45F3CBF-196F-4F0D-AD2D-2E9619298666}.Debug|x64.ActiveCfg = Debug|Any CPU
		{E45F3CBF-196F-4F0D-AD2D-2E9619298666}.Debug|x64.Build.0 = Debug|Any CPU
		{E45F3CBF-196F-4F0D-AD2D-2E9619298666}.Debug|x86.ActiveCfg = Debug|Any CPU
		{E45F3CBF-196F-4F0D-AD2D-2E9619298666}.Debug|x86.Build.0 = Debug|Any CPU
		{E45F3CBF-196F-4F0D-AD2D-2E9619298666}.Release|Any CPU.ActiveCfg = Release|Any CPU
		{E45F3CBF-196F-4F0D-AD2D-2E9619298666}.Release|Any CPU.Build.0 = Release|Any CPU
		{E45F3CBF-196F-4F0D-AD2D-2E9619298666}.Release|ARM.ActiveCfg = Release|Any CPU
		{E45F3CBF-196F-4F0D-AD2D-2E9619298666}.Release|ARM.Build.0 = Release|Any CPU
		{E45F3CBF-196F-4F0D-AD2D-2E9619298666}.Release|ARM64.ActiveCfg = Release|Any CPU
		{E45F3CBF-196F-4F0D-AD2D-2E9619298666}.Release|ARM64.Build.0 = Release|Any CPU
		{E45F3CBF-196F-4F0D-AD2D-2E9619298666}.Release|x64.ActiveCfg = Release|Any CPU
		{E45F3CBF-196F-4F0D-AD2D-2E9619298666}.Release|x64.Build.0 = Release|Any CPU
		{E45F3CBF-196F-4F0D-AD2D-2E9619298666}.Release|x86.ActiveCfg = Release|Any CPU
		{E45F3CBF-196F-4F0D-AD2D-2E9619298666}.Release|x86.Build.0 = Release|Any CPU
		{716CF4B3-7363-4F69-B69D-20A9D466C0FC}.Debug|Any CPU.ActiveCfg = Debug|Any CPU
		{716CF4B3-7363-4F69-B69D-20A9D466C0FC}.Debug|Any CPU.Build.0 = Debug|Any CPU
		{716CF4B3-7363-4F69-B69D-20A9D466C0FC}.Debug|ARM.ActiveCfg = Debug|Any CPU
		{716CF4B3-7363-4F69-B69D-20A9D466C0FC}.Debug|ARM.Build.0 = Debug|Any CPU
		{716CF4B3-7363-4F69-B69D-20A9D466C0FC}.Debug|ARM64.ActiveCfg = Debug|Any CPU
		{716CF4B3-7363-4F69-B69D-20A9D466C0FC}.Debug|ARM64.Build.0 = Debug|Any CPU
		{716CF4B3-7363-4F69-B69D-20A9D466C0FC}.Debug|x64.ActiveCfg = Debug|Any CPU
		{716CF4B3-7363-4F69-B69D-20A9D466C0FC}.Debug|x64.Build.0 = Debug|Any CPU
		{716CF4B3-7363-4F69-B69D-20A9D466C0FC}.Debug|x86.ActiveCfg = Debug|Any CPU
		{716CF4B3-7363-4F69-B69D-20A9D466C0FC}.Debug|x86.Build.0 = Debug|Any CPU
		{716CF4B3-7363-4F69-B69D-20A9D466C0FC}.Release|Any CPU.ActiveCfg = Release|Any CPU
		{716CF4B3-7363-4F69-B69D-20A9D466C0FC}.Release|Any CPU.Build.0 = Release|Any CPU
		{716CF4B3-7363-4F69-B69D-20A9D466C0FC}.Release|ARM.ActiveCfg = Release|Any CPU
		{716CF4B3-7363-4F69-B69D-20A9D466C0FC}.Release|ARM.Build.0 = Release|Any CPU
		{716CF4B3-7363-4F69-B69D-20A9D466C0FC}.Release|ARM64.ActiveCfg = Release|Any CPU
		{716CF4B3-7363-4F69-B69D-20A9D466C0FC}.Release|ARM64.Build.0 = Release|Any CPU
		{716CF4B3-7363-4F69-B69D-20A9D466C0FC}.Release|x64.ActiveCfg = Release|Any CPU
		{716CF4B3-7363-4F69-B69D-20A9D466C0FC}.Release|x64.Build.0 = Release|Any CPU
		{716CF4B3-7363-4F69-B69D-20A9D466C0FC}.Release|x86.ActiveCfg = Release|Any CPU
		{716CF4B3-7363-4F69-B69D-20A9D466C0FC}.Release|x86.Build.0 = Release|Any CPU
		{FEEB7E24-92AE-40E5-AF33-EC70E56C3120}.Debug|Any CPU.ActiveCfg = Debug|Any CPU
		{FEEB7E24-92AE-40E5-AF33-EC70E56C3120}.Debug|Any CPU.Build.0 = Debug|Any CPU
		{FEEB7E24-92AE-40E5-AF33-EC70E56C3120}.Debug|ARM.ActiveCfg = Debug|Any CPU
		{FEEB7E24-92AE-40E5-AF33-EC70E56C3120}.Debug|ARM.Build.0 = Debug|Any CPU
		{FEEB7E24-92AE-40E5-AF33-EC70E56C3120}.Debug|ARM64.ActiveCfg = Debug|Any CPU
		{FEEB7E24-92AE-40E5-AF33-EC70E56C3120}.Debug|ARM64.Build.0 = Debug|Any CPU
		{FEEB7E24-92AE-40E5-AF33-EC70E56C3120}.Debug|x64.ActiveCfg = Debug|Any CPU
		{FEEB7E24-92AE-40E5-AF33-EC70E56C3120}.Debug|x64.Build.0 = Debug|Any CPU
		{FEEB7E24-92AE-40E5-AF33-EC70E56C3120}.Debug|x86.ActiveCfg = Debug|Any CPU
		{FEEB7E24-92AE-40E5-AF33-EC70E56C3120}.Debug|x86.Build.0 = Debug|Any CPU
		{FEEB7E24-92AE-40E5-AF33-EC70E56C3120}.Release|Any CPU.ActiveCfg = Release|Any CPU
		{FEEB7E24-92AE-40E5-AF33-EC70E56C3120}.Release|Any CPU.Build.0 = Release|Any CPU
		{FEEB7E24-92AE-40E5-AF33-EC70E56C3120}.Release|ARM.ActiveCfg = Release|Any CPU
		{FEEB7E24-92AE-40E5-AF33-EC70E56C3120}.Release|ARM.Build.0 = Release|Any CPU
		{FEEB7E24-92AE-40E5-AF33-EC70E56C3120}.Release|ARM64.ActiveCfg = Release|Any CPU
		{FEEB7E24-92AE-40E5-AF33-EC70E56C3120}.Release|ARM64.Build.0 = Release|Any CPU
		{FEEB7E24-92AE-40E5-AF33-EC70E56C3120}.Release|x64.ActiveCfg = Release|Any CPU
		{FEEB7E24-92AE-40E5-AF33-EC70E56C3120}.Release|x64.Build.0 = Release|Any CPU
		{FEEB7E24-92AE-40E5-AF33-EC70E56C3120}.Release|x86.ActiveCfg = Release|Any CPU
		{FEEB7E24-92AE-40E5-AF33-EC70E56C3120}.Release|x86.Build.0 = Release|Any CPU
		{5D5D1152-98F8-4EE1-9722-C472AD1DE84B}.Debug|Any CPU.ActiveCfg = Debug|Win32
		{5D5D1152-98F8-4EE1-9722-C472AD1DE84B}.Debug|ARM.ActiveCfg = Debug|Win32
		{5D5D1152-98F8-4EE1-9722-C472AD1DE84B}.Debug|ARM64.ActiveCfg = Debug|Win32
		{5D5D1152-98F8-4EE1-9722-C472AD1DE84B}.Debug|x64.ActiveCfg = Debug|x64
		{5D5D1152-98F8-4EE1-9722-C472AD1DE84B}.Debug|x64.Build.0 = Debug|x64
		{5D5D1152-98F8-4EE1-9722-C472AD1DE84B}.Debug|x86.ActiveCfg = Debug|Win32
		{5D5D1152-98F8-4EE1-9722-C472AD1DE84B}.Debug|x86.Build.0 = Debug|Win32
		{5D5D1152-98F8-4EE1-9722-C472AD1DE84B}.Release|Any CPU.ActiveCfg = Release|Win32
		{5D5D1152-98F8-4EE1-9722-C472AD1DE84B}.Release|ARM.ActiveCfg = Release|Win32
		{5D5D1152-98F8-4EE1-9722-C472AD1DE84B}.Release|ARM64.ActiveCfg = Release|Win32
		{5D5D1152-98F8-4EE1-9722-C472AD1DE84B}.Release|x64.ActiveCfg = Release|x64
		{5D5D1152-98F8-4EE1-9722-C472AD1DE84B}.Release|x64.Build.0 = Release|x64
		{5D5D1152-98F8-4EE1-9722-C472AD1DE84B}.Release|x86.ActiveCfg = Release|Win32
		{5D5D1152-98F8-4EE1-9722-C472AD1DE84B}.Release|x86.Build.0 = Release|Win32
		{91D8E0DE-875C-4DB2-82D6-9604FBBCF352}.Debug|Any CPU.ActiveCfg = Debug|Win32
		{91D8E0DE-875C-4DB2-82D6-9604FBBCF352}.Debug|ARM.ActiveCfg = Debug|Win32
		{91D8E0DE-875C-4DB2-82D6-9604FBBCF352}.Debug|ARM64.ActiveCfg = Debug|Win32
		{91D8E0DE-875C-4DB2-82D6-9604FBBCF352}.Debug|x64.ActiveCfg = Debug|x64
		{91D8E0DE-875C-4DB2-82D6-9604FBBCF352}.Debug|x64.Build.0 = Debug|x64
		{91D8E0DE-875C-4DB2-82D6-9604FBBCF352}.Debug|x86.ActiveCfg = Debug|Win32
		{91D8E0DE-875C-4DB2-82D6-9604FBBCF352}.Debug|x86.Build.0 = Debug|Win32
		{91D8E0DE-875C-4DB2-82D6-9604FBBCF352}.Release|Any CPU.ActiveCfg = Release|Win32
		{91D8E0DE-875C-4DB2-82D6-9604FBBCF352}.Release|ARM.ActiveCfg = Release|Win32
		{91D8E0DE-875C-4DB2-82D6-9604FBBCF352}.Release|ARM64.ActiveCfg = Release|Win32
		{91D8E0DE-875C-4DB2-82D6-9604FBBCF352}.Release|x64.ActiveCfg = Release|x64
		{91D8E0DE-875C-4DB2-82D6-9604FBBCF352}.Release|x64.Build.0 = Release|x64
		{91D8E0DE-875C-4DB2-82D6-9604FBBCF352}.Release|x86.ActiveCfg = Release|Win32
		{91D8E0DE-875C-4DB2-82D6-9604FBBCF352}.Release|x86.Build.0 = Release|Win32
		{4676EDF9-E843-49A6-BA08-659B21F53A47}.Debug|Any CPU.ActiveCfg = Debug|Any CPU
		{4676EDF9-E843-49A6-BA08-659B21F53A47}.Debug|Any CPU.Build.0 = Debug|Any CPU
		{4676EDF9-E843-49A6-BA08-659B21F53A47}.Debug|ARM.ActiveCfg = Debug|Any CPU
		{4676EDF9-E843-49A6-BA08-659B21F53A47}.Debug|ARM.Build.0 = Debug|Any CPU
		{4676EDF9-E843-49A6-BA08-659B21F53A47}.Debug|ARM64.ActiveCfg = Debug|Any CPU
		{4676EDF9-E843-49A6-BA08-659B21F53A47}.Debug|ARM64.Build.0 = Debug|Any CPU
		{4676EDF9-E843-49A6-BA08-659B21F53A47}.Debug|x64.ActiveCfg = Debug|Any CPU
		{4676EDF9-E843-49A6-BA08-659B21F53A47}.Debug|x64.Build.0 = Debug|Any CPU
		{4676EDF9-E843-49A6-BA08-659B21F53A47}.Debug|x86.ActiveCfg = Debug|Any CPU
		{4676EDF9-E843-49A6-BA08-659B21F53A47}.Debug|x86.Build.0 = Debug|Any CPU
		{4676EDF9-E843-49A6-BA08-659B21F53A47}.Release|Any CPU.ActiveCfg = Release|Any CPU
		{4676EDF9-E843-49A6-BA08-659B21F53A47}.Release|Any CPU.Build.0 = Release|Any CPU
		{4676EDF9-E843-49A6-BA08-659B21F53A47}.Release|ARM.ActiveCfg = Release|Any CPU
		{4676EDF9-E843-49A6-BA08-659B21F53A47}.Release|ARM.Build.0 = Release|Any CPU
		{4676EDF9-E843-49A6-BA08-659B21F53A47}.Release|ARM64.ActiveCfg = Release|Any CPU
		{4676EDF9-E843-49A6-BA08-659B21F53A47}.Release|ARM64.Build.0 = Release|Any CPU
		{4676EDF9-E843-49A6-BA08-659B21F53A47}.Release|x64.ActiveCfg = Release|Any CPU
		{4676EDF9-E843-49A6-BA08-659B21F53A47}.Release|x64.Build.0 = Release|Any CPU
		{4676EDF9-E843-49A6-BA08-659B21F53A47}.Release|x86.ActiveCfg = Release|Any CPU
		{4676EDF9-E843-49A6-BA08-659B21F53A47}.Release|x86.Build.0 = Release|Any CPU
		{C6892065-11C1-4CE9-98C1-B8D74F008CC2}.Debug|Any CPU.ActiveCfg = Debug|Any CPU
		{C6892065-11C1-4CE9-98C1-B8D74F008CC2}.Debug|Any CPU.Build.0 = Debug|Any CPU
		{C6892065-11C1-4CE9-98C1-B8D74F008CC2}.Debug|ARM.ActiveCfg = Debug|Any CPU
		{C6892065-11C1-4CE9-98C1-B8D74F008CC2}.Debug|ARM.Build.0 = Debug|Any CPU
		{C6892065-11C1-4CE9-98C1-B8D74F008CC2}.Debug|ARM64.ActiveCfg = Debug|Any CPU
		{C6892065-11C1-4CE9-98C1-B8D74F008CC2}.Debug|ARM64.Build.0 = Debug|Any CPU
		{C6892065-11C1-4CE9-98C1-B8D74F008CC2}.Debug|x64.ActiveCfg = Debug|Any CPU
		{C6892065-11C1-4CE9-98C1-B8D74F008CC2}.Debug|x64.Build.0 = Debug|Any CPU
		{C6892065-11C1-4CE9-98C1-B8D74F008CC2}.Debug|x86.ActiveCfg = Debug|Any CPU
		{C6892065-11C1-4CE9-98C1-B8D74F008CC2}.Debug|x86.Build.0 = Debug|Any CPU
		{C6892065-11C1-4CE9-98C1-B8D74F008CC2}.Release|Any CPU.ActiveCfg = Release|Any CPU
		{C6892065-11C1-4CE9-98C1-B8D74F008CC2}.Release|Any CPU.Build.0 = Release|Any CPU
		{C6892065-11C1-4CE9-98C1-B8D74F008CC2}.Release|ARM.ActiveCfg = Release|Any CPU
		{C6892065-11C1-4CE9-98C1-B8D74F008CC2}.Release|ARM.Build.0 = Release|Any CPU
		{C6892065-11C1-4CE9-98C1-B8D74F008CC2}.Release|ARM64.ActiveCfg = Release|Any CPU
		{C6892065-11C1-4CE9-98C1-B8D74F008CC2}.Release|ARM64.Build.0 = Release|Any CPU
		{C6892065-11C1-4CE9-98C1-B8D74F008CC2}.Release|x64.ActiveCfg = Release|Any CPU
		{C6892065-11C1-4CE9-98C1-B8D74F008CC2}.Release|x64.Build.0 = Release|Any CPU
		{C6892065-11C1-4CE9-98C1-B8D74F008CC2}.Release|x86.ActiveCfg = Release|Any CPU
		{C6892065-11C1-4CE9-98C1-B8D74F008CC2}.Release|x86.Build.0 = Release|Any CPU
		{15E36C35-5AB2-4CCD-9160-8823D0D33DA1}.Debug|Any CPU.ActiveCfg = Debug|Win32
		{15E36C35-5AB2-4CCD-9160-8823D0D33DA1}.Debug|ARM.ActiveCfg = Debug|Win32
		{15E36C35-5AB2-4CCD-9160-8823D0D33DA1}.Debug|ARM64.ActiveCfg = Debug|Win32
		{15E36C35-5AB2-4CCD-9160-8823D0D33DA1}.Debug|x64.ActiveCfg = Debug|x64
		{15E36C35-5AB2-4CCD-9160-8823D0D33DA1}.Debug|x64.Build.0 = Debug|x64
		{15E36C35-5AB2-4CCD-9160-8823D0D33DA1}.Debug|x86.ActiveCfg = Debug|Win32
		{15E36C35-5AB2-4CCD-9160-8823D0D33DA1}.Debug|x86.Build.0 = Debug|Win32
		{15E36C35-5AB2-4CCD-9160-8823D0D33DA1}.Release|Any CPU.ActiveCfg = Release|Win32
		{15E36C35-5AB2-4CCD-9160-8823D0D33DA1}.Release|ARM.ActiveCfg = Release|Win32
		{15E36C35-5AB2-4CCD-9160-8823D0D33DA1}.Release|ARM64.ActiveCfg = Release|Win32
		{15E36C35-5AB2-4CCD-9160-8823D0D33DA1}.Release|x64.ActiveCfg = Release|x64
		{15E36C35-5AB2-4CCD-9160-8823D0D33DA1}.Release|x64.Build.0 = Release|x64
		{15E36C35-5AB2-4CCD-9160-8823D0D33DA1}.Release|x86.ActiveCfg = Release|Win32
		{15E36C35-5AB2-4CCD-9160-8823D0D33DA1}.Release|x86.Build.0 = Release|Win32
		{5D8D7027-E5C0-4C25-A560-D27D06114FDC}.Debug|Any CPU.ActiveCfg = Debug|Win32
		{5D8D7027-E5C0-4C25-A560-D27D06114FDC}.Debug|ARM.ActiveCfg = Debug|Win32
		{5D8D7027-E5C0-4C25-A560-D27D06114FDC}.Debug|ARM64.ActiveCfg = Debug|Win32
		{5D8D7027-E5C0-4C25-A560-D27D06114FDC}.Debug|x64.ActiveCfg = Debug|x64
		{5D8D7027-E5C0-4C25-A560-D27D06114FDC}.Debug|x64.Build.0 = Debug|x64
		{5D8D7027-E5C0-4C25-A560-D27D06114FDC}.Debug|x86.ActiveCfg = Debug|Win32
		{5D8D7027-E5C0-4C25-A560-D27D06114FDC}.Debug|x86.Build.0 = Debug|Win32
		{5D8D7027-E5C0-4C25-A560-D27D06114FDC}.Release|Any CPU.ActiveCfg = Release|Win32
		{5D8D7027-E5C0-4C25-A560-D27D06114FDC}.Release|ARM.ActiveCfg = Release|Win32
		{5D8D7027-E5C0-4C25-A560-D27D06114FDC}.Release|ARM64.ActiveCfg = Release|Win32
		{5D8D7027-E5C0-4C25-A560-D27D06114FDC}.Release|x64.ActiveCfg = Release|x64
		{5D8D7027-E5C0-4C25-A560-D27D06114FDC}.Release|x64.Build.0 = Release|x64
		{5D8D7027-E5C0-4C25-A560-D27D06114FDC}.Release|x86.ActiveCfg = Release|Win32
		{5D8D7027-E5C0-4C25-A560-D27D06114FDC}.Release|x86.Build.0 = Release|Win32
		{652BFAA4-EB82-4B2D-9C8F-D643A2A0BD27}.Debug|Any CPU.ActiveCfg = Debug|Win32
		{652BFAA4-EB82-4B2D-9C8F-D643A2A0BD27}.Debug|ARM.ActiveCfg = Debug|Win32
		{652BFAA4-EB82-4B2D-9C8F-D643A2A0BD27}.Debug|ARM64.ActiveCfg = Debug|Win32
		{652BFAA4-EB82-4B2D-9C8F-D643A2A0BD27}.Debug|x64.ActiveCfg = Debug|x64
		{652BFAA4-EB82-4B2D-9C8F-D643A2A0BD27}.Debug|x64.Build.0 = Debug|x64
		{652BFAA4-EB82-4B2D-9C8F-D643A2A0BD27}.Debug|x86.ActiveCfg = Debug|Win32
		{652BFAA4-EB82-4B2D-9C8F-D643A2A0BD27}.Debug|x86.Build.0 = Debug|Win32
		{652BFAA4-EB82-4B2D-9C8F-D643A2A0BD27}.Release|Any CPU.ActiveCfg = Release|Win32
		{652BFAA4-EB82-4B2D-9C8F-D643A2A0BD27}.Release|ARM.ActiveCfg = Release|Win32
		{652BFAA4-EB82-4B2D-9C8F-D643A2A0BD27}.Release|ARM64.ActiveCfg = Release|Win32
		{652BFAA4-EB82-4B2D-9C8F-D643A2A0BD27}.Release|x64.ActiveCfg = Release|x64
		{652BFAA4-EB82-4B2D-9C8F-D643A2A0BD27}.Release|x64.Build.0 = Release|x64
		{652BFAA4-EB82-4B2D-9C8F-D643A2A0BD27}.Release|x86.ActiveCfg = Release|Win32
		{652BFAA4-EB82-4B2D-9C8F-D643A2A0BD27}.Release|x86.Build.0 = Release|Win32
	EndGlobalSection
	GlobalSection(SolutionProperties) = preSolution
		HideSolutionNode = FALSE
	EndGlobalSection
	GlobalSection(ExtensibilityGlobals) = postSolution
		SolutionGuid = {881E406C-816C-46E6-9323-01DB410516EF}
	EndGlobalSection
EndGlobal
