<?xml version="1.0" encoding="utf-8"?>
<Project ToolsVersion="4.0" xmlns="http://schemas.microsoft.com/developer/msbuild/2003">
  <ItemGroup>
    <Filter Include="Source Files">
      <UniqueIdentifier>{4FC737F1-C7A5-4376-A066-2A32D752A2FF}</UniqueIdentifier>
      <Extensions>cpp;c;cc;cxx;c++;def;odl;idl;hpj;bat;asm;asmx</Extensions>
    </Filter>
    <Filter Include="Header Files">
      <UniqueIdentifier>{93995380-89BD-4b04-88EB-625FBE52EBFB}</UniqueIdentifier>
      <Extensions>h;hh;hpp;hxx;h++;hm;inl;inc;ipp;xsd</Extensions>
    </Filter>
    <Filter Include="Resource Files">
      <UniqueIdentifier>{67DA6AB6-F800-4c08-8B7A-83BB121AAD01}</UniqueIdentifier>
      <Extensions>rc;ico;cur;bmp;dlg;rc2;rct;bin;rgs;gif;jpg;jpeg;jpe;resx;tiff;tif;png;wav;mfcribbon-ms</Extensions>
    </Filter>
    <Filter Include="Arch">
      <UniqueIdentifier>{0ff54a18-fbdd-44d8-9716-e39a5d90e523}</UniqueIdentifier>
    </Filter>
    <Filter Include="Arch\Global">
      <UniqueIdentifier>{659b4cf8-ef24-4fd4-aed9-87253c4da056}</UniqueIdentifier>
    </Filter>
    <Filter Include="Arch\Global\OS">
      <UniqueIdentifier>{5656e8a6-6186-4362-b21f-2d86e21ccd05}</UniqueIdentifier>
    </Filter>
    <Filter Include="Arch\Global\AAAAA">
      <UniqueIdentifier>{3b563dec-6c37-474d-9d80-331d73b9866e}</UniqueIdentifier>
    </Filter>
    <Filter Include="Arch\OAL">
      <UniqueIdentifier>{32366507-21f8-43e7-84ad-1f52ba7b816a}</UniqueIdentifier>
    </Filter>
    <Filter Include="Arch\DataEx">
      <UniqueIdentifier>{dda8484f-8bd3-40ee-8aaa-f180e9f88536}</UniqueIdentifier>
    </Filter>
  </ItemGroup>
  <ItemGroup>
    <ClInclude Include="framework.h">
      <Filter>Header Files</Filter>
    </ClInclude>
    <ClInclude Include="..\..\..\Arch\Global\Types.h">
      <Filter>Arch\Global\AAAAA</Filter>
    </ClInclude>
    <ClInclude Include="..\..\..\Arch\Global\BuildOptions.h">
      <Filter>Arch\Global\AAAAA</Filter>
    </ClInclude>
    <ClInclude Include="..\..\..\Arch\Global\OS\Linux.h">
      <Filter>Arch\Global\OS</Filter>
    </ClInclude>
    <ClInclude Include="..\..\..\Arch\Global\OS\Win.h">
      <Filter>Arch\Global\OS</Filter>
    </ClInclude>
    <ClInclude Include="..\..\..\Arch\Global\OS\Android.h">
      <Filter>Arch\Global\OS</Filter>
    </ClInclude>
    <ClInclude Include="..\..\..\Arch\Global\OS\Common.h">
      <Filter>Arch\Global\OS</Filter>
    </ClInclude>
    <ClInclude Include="..\..\..\Arch\OAL\CriticalSection.hpp">
      <Filter>Arch\OAL</Filter>
    </ClInclude>
    <ClInclude Include="..\..\..\Arch\OAL\CriticalSectionWin.hpp">
      <Filter>Arch\OAL</Filter>
    </ClInclude>
    <ClInclude Include="..\..\..\Arch\OAL\Lock.hpp">
      <Filter>Arch\OAL</Filter>
    </ClInclude>
    <ClInclude Include="..\..\..\Arch\OAL\OALHeader.hpp">
      <Filter>Arch\OAL</Filter>
    </ClInclude>
    <ClInclude Include="..\..\..\Arch\OAL\SyncObject.hpp">
      <Filter>Arch\OAL</Filter>
    </ClInclude>
    <ClInclude Include="..\..\..\Arch\OAL\Thread.hpp">
      <Filter>Arch\OAL</Filter>
    </ClInclude>
    <ClInclude Include="..\..\..\Arch\OAL\ThreadWin.hpp">
      <Filter>Arch\OAL</Filter>
    </ClInclude>
    <ClInclude Include="..\..\..\Arch\DataEx\Exchanger.hpp">
      <Filter>Arch\DataEx</Filter>
    </ClInclude>
    <ClInclude Include="..\..\..\Arch\DataEx\Producer.hpp">
      <Filter>Arch\DataEx</Filter>
    </ClInclude>
    <ClInclude Include="..\..\..\Arch\DataEx\Consumer.hpp">
      <Filter>Arch\DataEx</Filter>
    </ClInclude>
  </ItemGroup>
  <ItemGroup>
    <ClCompile Include="libArch.cpp">
      <Filter>Source Files</Filter>
    </ClCompile>
    <ClCompile Include="..\..\..\Arch\OAL\CriticalSectionWin.cpp">
      <Filter>Arch\OAL</Filter>
    </ClCompile>
    <ClCompile Include="..\..\..\Arch\OAL\Lock.cpp">
      <Filter>Arch\OAL</Filter>
    </ClCompile>
    <ClCompile Include="..\..\..\Arch\OAL\SyncObject.cpp">
      <Filter>Arch\OAL</Filter>
    </ClCompile>
    <ClCompile Include="..\..\..\Arch\OAL\Thread.cpp">
      <Filter>Arch\OAL</Filter>
    </ClCompile>
    <ClCompile Include="..\..\..\Arch\OAL\ThreadWin.cpp">
      <Filter>Arch\OAL</Filter>
    </ClCompile>
    <ClCompile Include="..\..\..\Arch\OAL\CriticalSection.cpp">
      <Filter>Arch\OAL</Filter>
    </ClCompile>
    <ClCompile Include="..\..\..\Arch\DataEx\Exchanger.cpp">
      <Filter>Arch\DataEx</Filter>
    </ClCompile>
    <ClCompile Include="..\..\..\Arch\DataEx\Producer.cpp">
      <Filter>Arch\DataEx</Filter>
    </ClCompile>
    <ClCompile Include="..\..\..\Arch\DataEx\Consumer.cpp">
      <Filter>Arch\DataEx</Filter>
    </ClCompile>
  </ItemGroup>
</Project>