<?xml version="1.0" encoding="utf-8"?>
<Project ToolsVersion="4.0" xmlns="http://schemas.microsoft.com/developer/msbuild/2003">
  <ItemGroup>
    <Filter Include="Source Files">
      <UniqueIdentifier>{4FC737F1-C7A5-4376-A066-2A32D752A2FF}</UniqueIdentifier>
      <Extensions>cpp;c;cc;cxx;c++;def;odl;idl;hpj;bat;asm;asmx</Extensions>
    </Filter>
    <Filter Include="Header Files">
      <UniqueIdentifier>{93995380-89BD-4b04-88EB-625FBE52EBFB}</UniqueIdentifier>
      <Extensions>h;hh;hpp;hxx;h++;hm;inl;inc;ipp;xsd</Extensions>
    </Filter>
    <Filter Include="Resource Files">
      <UniqueIdentifier>{67DA6AB6-F800-4c08-8B7A-83BB121AAD01}</UniqueIdentifier>
      <Extensions>rc;ico;cur;bmp;dlg;rc2;rct;bin;rgs;gif;jpg;jpeg;jpe;resx;tiff;tif;png;wav;mfcribbon-ms</Extensions>
    </Filter>
    <Filter Include="TESys">
      <UniqueIdentifier>{ee28faf9-f301-450b-9132-0143fa3efc7a}</UniqueIdentifier>
    </Filter>
    <Filter Include="TESys\Global">
      <UniqueIdentifier>{35f6d05a-14df-4572-9e6b-059831d3ca44}</UniqueIdentifier>
    </Filter>
    <Filter Include="TESys\Net">
      <UniqueIdentifier>{736bb46a-bc93-49a7-9d4f-13e2a42f1600}</UniqueIdentifier>
    </Filter>
    <Filter Include="TESys\Utils">
      <UniqueIdentifier>{cac56f46-acea-4c6e-8e72-7e145040e483}</UniqueIdentifier>
    </Filter>
    <Filter Include="TESys\Property">
      <UniqueIdentifier>{fb1ead1c-a575-4f4c-a290-ef139fc84807}</UniqueIdentifier>
    </Filter>
    <Filter Include="TESys\Control">
      <UniqueIdentifier>{a8d5e1ae-12e1-46aa-b01d-67d652bf684e}</UniqueIdentifier>
    </Filter>
    <Filter Include="TESys\AAAAAA">
      <UniqueIdentifier>{eeb8261d-258e-4922-a269-167e473e9664}</UniqueIdentifier>
    </Filter>
    <Filter Include="TESys\Control\AAAA-Operator">
      <UniqueIdentifier>{a41182dc-4473-43eb-bf3b-2f7cb7ef2cac}</UniqueIdentifier>
    </Filter>
    <Filter Include="TESys\Control\AAAA-Tester">
      <UniqueIdentifier>{3675d348-41a6-4df9-8272-0507afb1abbe}</UniqueIdentifier>
    </Filter>
    <Filter Include="TESys\Data">
      <UniqueIdentifier>{0b69ef23-33d4-477a-b932-72664e37d068}</UniqueIdentifier>
    </Filter>
    <Filter Include="TESys\API">
      <UniqueIdentifier>{77ac2eb1-663f-431e-89f1-43159663ebcf}</UniqueIdentifier>
    </Filter>
    <Filter Include="TESys\TED">
      <UniqueIdentifier>{21318f79-4102-409c-aef1-ffc3a7f1ab19}</UniqueIdentifier>
    </Filter>
    <Filter Include="TESys\TED\AAAAA">
      <UniqueIdentifier>{9fcbf6a2-c8f0-4ec0-a352-0fa27476c8d0}</UniqueIdentifier>
    </Filter>
    <Filter Include="TESys\TED\ADC">
      <UniqueIdentifier>{894d16a0-f584-494a-8d25-5c34e6f4f755}</UniqueIdentifier>
    </Filter>
    <Filter Include="TESys\TED\DD">
      <UniqueIdentifier>{9382a6c6-3b02-4239-8bbe-80d94442a519}</UniqueIdentifier>
    </Filter>
    <Filter Include="TESys\TED\AAAA-ANA670X">
      <UniqueIdentifier>{2ff5010c-eea9-45ae-834d-56a299da6d7e}</UniqueIdentifier>
    </Filter>
    <Filter Include="TESys\Control\AAAA-AgingMonitor">
      <UniqueIdentifier>{2a1c67e8-82fe-4049-bfce-627e94d85826}</UniqueIdentifier>
    </Filter>
    <Filter Include="TESys\Data\AAAAA">
      <UniqueIdentifier>{2aa3e039-95d3-4d8a-8489-d4d732b93160}</UniqueIdentifier>
    </Filter>
    <Filter Include="TESys\Data\Export">
      <UniqueIdentifier>{ef832db1-9450-4eac-aeb1-de54823d6487}</UniqueIdentifier>
    </Filter>
    <Filter Include="TESys\Data\Aging">
      <UniqueIdentifier>{7877a0e0-2ec0-4c97-b2bd-44a160ebdb5a}</UniqueIdentifier>
    </Filter>
    <Filter Include="TESys\DB">
      <UniqueIdentifier>{df2f672d-9666-47dc-8d6c-3ff661ec4e40}</UniqueIdentifier>
    </Filter>
    <Filter Include="TESys\DB\Join">
      <UniqueIdentifier>{4b859bb8-700e-412a-af3a-1875845dac48}</UniqueIdentifier>
    </Filter>
    <Filter Include="TESys\DB\Single">
      <UniqueIdentifier>{210c5f27-4f59-44b3-8f1a-9f355e62954d}</UniqueIdentifier>
    </Filter>
    <Filter Include="TESys\DB\AAAAA">
      <UniqueIdentifier>{9632e927-495c-406f-a95f-b4a0bba3fe72}</UniqueIdentifier>
    </Filter>
    <Filter Include="TESys\DB\Utils">
      <UniqueIdentifier>{b98169f1-5c87-4ae0-a446-867036186330}</UniqueIdentifier>
    </Filter>
    <Filter Include="TESys\DB\Property">
      <UniqueIdentifier>{ef7f157f-6713-4ffa-b20e-46038eb62887}</UniqueIdentifier>
    </Filter>
  </ItemGroup>
  <ItemGroup>
    <ClInclude Include="framework.h">
      <Filter>Header Files</Filter>
    </ClInclude>
    <ClInclude Include="..\..\..\TESys\Net\PacketPython.hpp">
      <Filter>TESys\Net</Filter>
    </ClInclude>
    <ClInclude Include="..\..\..\TESys\Global\BuildOptions.h">
      <Filter>TESys\Global</Filter>
    </ClInclude>
    <ClInclude Include="..\..\..\TESys\Net\Command.hpp">
      <Filter>TESys\Net</Filter>
    </ClInclude>
    <ClInclude Include="..\..\..\TESys\Utils\Tmd2Py.hpp">
      <Filter>TESys\Utils</Filter>
    </ClInclude>
    <ClInclude Include="..\..\..\TESys\Utils\TmdStringTool.hpp">
      <Filter>TESys\Utils</Filter>
    </ClInclude>
    <ClInclude Include="..\..\..\TESys\Property\FileSync.hpp">
      <Filter>TESys\Property</Filter>
    </ClInclude>
    <ClInclude Include="..\..\..\TESys\Net\PacketControl.hpp">
      <Filter>TESys\Net</Filter>
    </ClInclude>
    <ClInclude Include="..\..\..\TESys\Property\HeaderFiles.hpp">
      <Filter>TESys\Property</Filter>
    </ClInclude>
    <ClInclude Include="..\..\..\TESys\Property\DataAcq.hpp">
      <Filter>TESys\Property</Filter>
    </ClInclude>
    <ClInclude Include="..\..\..\TESys\Net\PacketDataAcq.hpp">
      <Filter>TESys\Net</Filter>
    </ClInclude>
    <ClInclude Include="..\..\..\TESys\Control\Tester.hpp">
      <Filter>TESys\Control\AAAA-Tester</Filter>
    </ClInclude>
    <ClInclude Include="..\..\..\TESys\Property\Tester.hpp">
      <Filter>TESys\Property</Filter>
    </ClInclude>
    <ClInclude Include="..\..\..\TESys\Property\Hub.hpp">
      <Filter>TESys\Property</Filter>
    </ClInclude>
    <ClInclude Include="..\..\..\TESys\Control\Operator.hpp">
      <Filter>TESys\Control\AAAA-Operator</Filter>
    </ClInclude>
    <ClInclude Include="..\..\..\TESys\API\Packet.hpp">
      <Filter>TESys\API</Filter>
    </ClInclude>
    <ClInclude Include="..\..\..\TESys\API\Property.hpp">
      <Filter>TESys\API</Filter>
    </ClInclude>
    <ClInclude Include="..\..\..\TESys\API\Utils.hpp">
      <Filter>TESys\API</Filter>
    </ClInclude>
    <ClInclude Include="..\..\..\TESys\Property\Path.hpp">
      <Filter>TESys\Property</Filter>
    </ClInclude>
    <ClInclude Include="..\..\..\TESys\Property\Net.hpp">
      <Filter>TESys\Property</Filter>
    </ClInclude>
    <ClInclude Include="..\..\..\TESys\TED\PowerSource.hpp">
      <Filter>TESys\TED\AAAAA</Filter>
    </ClInclude>
    <ClInclude Include="..\..\..\TESys\TED\VerifyBoard.hpp">
      <Filter>TESys\TED\AAAAA</Filter>
    </ClInclude>
    <ClInclude Include="..\..\..\TESys\TED\ADC\Max11301.hpp">
      <Filter>TESys\TED\ADC</Filter>
    </ClInclude>
    <ClInclude Include="..\..\..\TESys\TED\ADC\Max11312.hpp">
      <Filter>TESys\TED\ADC</Filter>
    </ClInclude>
    <ClInclude Include="..\..\..\TESys\TED\ADC\Ina3221.hpp">
      <Filter>TESys\TED\ADC</Filter>
    </ClInclude>
    <ClInclude Include="..\..\..\TESys\TED\ADC\Max113xx.hpp">
      <Filter>TESys\TED\ADC</Filter>
    </ClInclude>
    <ClInclude Include="..\..\..\TESys\TED\DeviceDriver.hpp">
      <Filter>TESys\TED\AAAAA</Filter>
    </ClInclude>
    <ClInclude Include="..\..\..\TESys\TED\DD\GraphicsFrameBuffer.hpp">
      <Filter>TESys\TED\DD</Filter>
    </ClInclude>
    <ClInclude Include="..\..\..\TESys\TED\DD\DSIM.hpp">
      <Filter>TESys\TED\DD</Filter>
    </ClInclude>
    <ClInclude Include="..\..\..\TESys\TED\Aging.hpp">
      <Filter>TESys\TED\AAAAA</Filter>
    </ClInclude>
    <ClInclude Include="..\..\..\TESys\TED\ANA670X.hpp">
      <Filter>TESys\TED\AAAA-ANA670X</Filter>
    </ClInclude>
    <ClInclude Include="..\..\..\TESys\Property\PatternDraw.hpp">
      <Filter>TESys\Property</Filter>
    </ClInclude>
    <ClInclude Include="..\..\..\TESys\Control\AgingMonitor.hpp">
      <Filter>TESys\Control\AAAA-AgingMonitor</Filter>
    </ClInclude>
    <ClInclude Include="..\..\..\TESys\TED\ANA6707.hpp">
      <Filter>TESys\TED\AAAA-ANA670X</Filter>
    </ClInclude>
    <ClInclude Include="..\..\..\TESys\Property\TED.hpp">
      <Filter>TESys\Property</Filter>
    </ClInclude>
    <ClInclude Include="..\..\..\TESys\TED\VerifyBoard_v2_1.hpp">
      <Filter>TESys\TED\AAAAA</Filter>
    </ClInclude>
    <ClInclude Include="..\..\..\TESys\Data\Adc.hpp">
      <Filter>TESys\Data\AAAAA</Filter>
    </ClInclude>
    <ClInclude Include="..\..\..\TESys\Data\DataAcqDB.hpp">
      <Filter>TESys\Data\AAAAA</Filter>
    </ClInclude>
    <ClInclude Include="..\..\..\TESys\Data\DataAcqDBRaw.hpp">
      <Filter>TESys\Data\AAAAA</Filter>
    </ClInclude>
    <ClInclude Include="..\..\..\TESys\Data\Status.hpp">
      <Filter>TESys\Data\AAAAA</Filter>
    </ClInclude>
    <ClInclude Include="..\..\..\TESys\Data\TesterError.hpp">
      <Filter>TESys\Data\AAAAA</Filter>
    </ClInclude>
    <ClInclude Include="..\..\..\TESys\Data\Export\RawDB.hpp">
      <Filter>TESys\Data\Export</Filter>
    </ClInclude>
    <ClInclude Include="..\..\..\TESys\Data\Export\TEDCollection.hpp">
      <Filter>TESys\Data\Export</Filter>
    </ClInclude>
    <ClInclude Include="..\..\..\TESys\Data\Export\TED.hpp">
      <Filter>TESys\Data\Export</Filter>
    </ClInclude>
    <ClInclude Include="..\..\..\TESys\Data\Aging\PyCollection.hpp">
      <Filter>TESys\Data\Aging</Filter>
    </ClInclude>
    <ClInclude Include="..\..\..\TESys\Data\Aging\Py.hpp">
      <Filter>TESys\Data\Aging</Filter>
    </ClInclude>
    <ClInclude Include="..\..\..\TESys\Data\Aging\Job.hpp">
      <Filter>TESys\Data\Aging</Filter>
    </ClInclude>
    <ClInclude Include="..\..\..\TESys\Data\Aging\Tc.hpp">
      <Filter>TESys\Data\Aging</Filter>
    </ClInclude>
    <ClInclude Include="..\..\..\TESys\Data\Aging\Sc.hpp">
      <Filter>TESys\Data\Aging</Filter>
    </ClInclude>
    <ClInclude Include="..\..\..\TESys\Data\Aging\TcStep.hpp">
      <Filter>TESys\Data\Aging</Filter>
    </ClInclude>
    <ClInclude Include="..\..\..\TESys\Utils\VerifyTed.hpp">
      <Filter>TESys\Utils</Filter>
    </ClInclude>
    <ClInclude Include="..\..\..\TESys\DB\Join\TcStepList.hpp">
      <Filter>TESys\DB\Join</Filter>
    </ClInclude>
    <ClInclude Include="..\..\..\TESys\DB\Single\AdcBase.hpp">
      <Filter>TESys\DB\Single</Filter>
    </ClInclude>
    <ClInclude Include="..\..\..\TESys\DB\Single\AdcErr.hpp">
      <Filter>TESys\DB\Single</Filter>
    </ClInclude>
    <ClInclude Include="..\..\..\TESys\DB\Single\AdcExtA.hpp">
      <Filter>TESys\DB\Single</Filter>
    </ClInclude>
    <ClInclude Include="..\..\..\TESys\DB\Single\AdcExtV.hpp">
      <Filter>TESys\DB\Single</Filter>
    </ClInclude>
    <ClInclude Include="..\..\..\TESys\DB\Single\AdcLdoV.hpp">
      <Filter>TESys\DB\Single</Filter>
    </ClInclude>
    <ClInclude Include="..\..\..\TESys\DB\Single\AdcProp.hpp">
      <Filter>TESys\DB\Single</Filter>
    </ClInclude>
    <ClInclude Include="..\..\..\TESys\DB\Single\AdcRegV.hpp">
      <Filter>TESys\DB\Single</Filter>
    </ClInclude>
    <ClInclude Include="..\..\..\TESys\DB\Single\AdcSoutV.hpp">
      <Filter>TESys\DB\Single</Filter>
    </ClInclude>
    <ClInclude Include="..\..\..\TESys\DB\Single\Cpu.hpp">
      <Filter>TESys\DB\Single</Filter>
    </ClInclude>
    <ClInclude Include="..\..\..\TESys\DB\Single\DutPcb.hpp">
      <Filter>TESys\DB\Single</Filter>
    </ClInclude>
    <ClInclude Include="..\..\..\TESys\DB\Single\Hardware.hpp">
      <Filter>TESys\DB\Single</Filter>
    </ClInclude>
    <ClInclude Include="..\..\..\TESys\DB\Single\Job.hpp">
      <Filter>TESys\DB\Single</Filter>
    </ClInclude>
    <ClInclude Include="..\..\..\TESys\DB\Single\JobList.hpp">
      <Filter>TESys\DB\Single</Filter>
    </ClInclude>
    <ClInclude Include="..\..\..\TESys\DB\Single\Sc.hpp">
      <Filter>TESys\DB\Single</Filter>
    </ClInclude>
    <ClInclude Include="..\..\..\TESys\DB\Single\ScList.hpp">
      <Filter>TESys\DB\Single</Filter>
    </ClInclude>
    <ClInclude Include="..\..\..\TESys\DB\Single\SocPcb.hpp">
      <Filter>TESys\DB\Single</Filter>
    </ClInclude>
    <ClInclude Include="..\..\..\TESys\DB\Single\Software.hpp">
      <Filter>TESys\DB\Single</Filter>
    </ClInclude>
    <ClInclude Include="..\..\..\TESys\DB\Single\Tc.hpp">
      <Filter>TESys\DB\Single</Filter>
    </ClInclude>
    <ClInclude Include="..\..\..\TESys\DB\Single\TcList.hpp">
      <Filter>TESys\DB\Single</Filter>
    </ClInclude>
    <ClInclude Include="..\..\..\TESys\DB\Single\TcStep.hpp">
      <Filter>TESys\DB\Single</Filter>
    </ClInclude>
    <ClInclude Include="..\..\..\TESys\DB\Single\TcStepList.hpp">
      <Filter>TESys\DB\Single</Filter>
    </ClInclude>
    <ClInclude Include="..\..\..\TESys\DB\Single\Ted.hpp">
      <Filter>TESys\DB\Single</Filter>
    </ClInclude>
    <ClInclude Include="..\..\..\TESys\DB\Single\TedList.hpp">
      <Filter>TESys\DB\Single</Filter>
    </ClInclude>
    <ClInclude Include="..\..\..\TESys\DB\Table.hpp">
      <Filter>TESys\DB\AAAAA</Filter>
    </ClInclude>
    <ClInclude Include="..\..\..\TESys\DB\Utils\Join.hpp">
      <Filter>TESys\DB\Utils</Filter>
    </ClInclude>
    <ClInclude Include="..\..\..\TESys\DB\Property\Single.hpp">
      <Filter>TESys\DB\Property</Filter>
    </ClInclude>
    <ClInclude Include="..\..\..\TESys\DB\Utils\Single.hpp">
      <Filter>TESys\DB\Utils</Filter>
    </ClInclude>
    <ClInclude Include="..\..\..\TESys\DB\Join\List.hpp">
      <Filter>TESys\DB\Join</Filter>
    </ClInclude>
    <ClInclude Include="..\..\..\TESys\DB\Join\Table.hpp">
      <Filter>TESys\DB\Join</Filter>
    </ClInclude>
  </ItemGroup>
  <ItemGroup>
    <ClCompile Include="libTESys.cpp">
      <Filter>Source Files</Filter>
    </ClCompile>
    <ClCompile Include="..\..\..\TESys\Net\PacketPython.cpp">
      <Filter>TESys\Net</Filter>
    </ClCompile>
    <ClCompile Include="..\..\..\TESys\Utils\Tmd2Py.cpp">
      <Filter>TESys\Utils</Filter>
    </ClCompile>
    <ClCompile Include="..\..\..\TESys\Utils\TmdStringTool.cpp">
      <Filter>TESys\Utils</Filter>
    </ClCompile>
    <ClCompile Include="..\..\..\TESys\Net\PacketControl.cpp">
      <Filter>TESys\Net</Filter>
    </ClCompile>
    <ClCompile Include="..\..\..\TESys\Net\Command.cpp">
      <Filter>TESys\Net</Filter>
    </ClCompile>
    <ClCompile Include="..\..\..\TESys\Property\DataAcq_TESys_Property.cpp">
      <Filter>TESys\Property</Filter>
    </ClCompile>
    <ClCompile Include="..\..\..\TESys\Net\PacketDataAcq.cpp">
      <Filter>TESys\Net</Filter>
    </ClCompile>
    <ClCompile Include="..\..\..\TESys\Control\TesterTransaction_TH_HT.cpp">
      <Filter>TESys\Control\AAAA-Tester</Filter>
    </ClCompile>
    <ClCompile Include="..\..\..\TESys\Control\TesterNotifierCmdProc.cpp">
      <Filter>TESys\Control\AAAA-Tester</Filter>
    </ClCompile>
    <ClCompile Include="..\..\..\TESys\Control\TesterNotifier.cpp">
      <Filter>TESys\Control\AAAA-Tester</Filter>
    </ClCompile>
    <ClCompile Include="..\..\..\TESys\Control\Tester_TESys_Control.cpp">
      <Filter>TESys\Control\AAAA-Tester</Filter>
    </ClCompile>
    <ClCompile Include="..\..\..\TESys\Control\TesterStatusReporter.cpp">
      <Filter>TESys\Control\AAAA-Tester</Filter>
    </ClCompile>
    <ClCompile Include="..\..\..\TESys\Property\TesterPropertyComm.cpp">
      <Filter>TESys\Property</Filter>
    </ClCompile>
    <ClCompile Include="..\..\..\TESys\Control\TesterCommandReceiverCmdProc.cpp">
      <Filter>TESys\Control\AAAA-Tester</Filter>
    </ClCompile>
    <ClCompile Include="..\..\..\TESys\Control\TesterCommandReceiver.cpp">
      <Filter>TESys\Control\AAAA-Tester</Filter>
    </ClCompile>
    <ClCompile Include="..\..\..\TESys\Property\TesterPropertyAgingComm.cpp">
      <Filter>TESys\Property</Filter>
    </ClCompile>
    <ClCompile Include="..\..\..\TESys\Property\TesterPropertyBoardComm.cpp">
      <Filter>TESys\Property</Filter>
    </ClCompile>
    <ClCompile Include="..\..\..\TESys\Control\TesterNotifierExtern.cpp">
      <Filter>TESys\Control\AAAA-Tester</Filter>
    </ClCompile>
    <ClCompile Include="..\..\..\TESys\Property\Hub_TESys_Property.cpp">
      <Filter>TESys\Property</Filter>
    </ClCompile>
    <ClCompile Include="..\..\..\TESys\Control\OperatorCommanderExtern.cpp">
      <Filter>TESys\Control\AAAA-Operator</Filter>
    </ClCompile>
    <ClCompile Include="..\..\..\TESys\Control\OperatorNotifyReceiver.cpp">
      <Filter>TESys\Control\AAAA-Operator</Filter>
    </ClCompile>
    <ClCompile Include="..\..\..\TESys\Control\OperatorNotifyReceiverCmdProc.cpp">
      <Filter>TESys\Control\AAAA-Operator</Filter>
    </ClCompile>
    <ClCompile Include="..\..\..\TESys\Control\OperatorNotifyReceiverExtern.cpp">
      <Filter>TESys\Control\AAAA-Operator</Filter>
    </ClCompile>
    <ClCompile Include="..\..\..\TESys\Control\OperatorNotifyReceiverService.cpp">
      <Filter>TESys\Control\AAAA-Operator</Filter>
    </ClCompile>
    <ClCompile Include="..\..\..\TESys\Control\OperatorTesterDictionary.cpp">
      <Filter>TESys\Control\AAAA-Operator</Filter>
    </ClCompile>
    <ClCompile Include="..\..\..\TESys\Control\Operator_Extern.cpp">
      <Filter>TESys\Control\AAAA-Operator</Filter>
    </ClCompile>
    <ClCompile Include="..\..\..\TESys\Control\Operator_TESys_Control.cpp">
      <Filter>TESys\Control\AAAA-Operator</Filter>
    </ClCompile>
    <ClCompile Include="..\..\..\TESys\Control\OperatorCommander.cpp">
      <Filter>TESys\Control\AAAA-Operator</Filter>
    </ClCompile>
    <ClCompile Include="..\..\..\TESys\Control\OperatorDataProducerTesterStatus.cpp">
      <Filter>TESys\Control\AAAA-Operator</Filter>
    </ClCompile>
    <ClCompile Include="..\..\..\TESys\Control\OperatorDataConsumerTesterStatus.cpp">
      <Filter>TESys\Control\AAAA-Operator</Filter>
    </ClCompile>
    <ClCompile Include="..\..\..\TESys\API\Property.cpp">
      <Filter>TESys\API</Filter>
    </ClCompile>
    <ClCompile Include="..\..\..\TESys\API\Utils.cpp">
      <Filter>TESys\API</Filter>
    </ClCompile>
    <ClCompile Include="..\..\..\TESys\Property\FileSyncStatus.cpp">
      <Filter>TESys\Property</Filter>
    </ClCompile>
    <ClCompile Include="..\..\..\TESys\Property\FileSyncFtp.cpp">
      <Filter>TESys\Property</Filter>
    </ClCompile>
    <ClCompile Include="..\..\..\TESys\Property\FileSync_TESys_Property.cpp">
      <Filter>TESys\Property</Filter>
    </ClCompile>
    <ClCompile Include="..\..\..\TESys\Property\HubFtpServer.cpp">
      <Filter>TESys\Property</Filter>
    </ClCompile>
    <ClCompile Include="..\..\..\TESys\Control\OperatorDataProducerHubStatus.cpp">
      <Filter>TESys\Control\AAAA-Operator</Filter>
    </ClCompile>
    <ClCompile Include="..\..\..\TESys\Control\OperatorDataConsumerHubStatus.cpp">
      <Filter>TESys\Control\AAAA-Operator</Filter>
    </ClCompile>
    <ClCompile Include="..\..\..\TESys\Property\Path_TESys_Property.cpp">
      <Filter>TESys\Property</Filter>
    </ClCompile>
    <ClCompile Include="..\..\..\TESys\Property\Net_TESys_Property.cpp">
      <Filter>TESys\Property</Filter>
    </ClCompile>
    <ClCompile Include="..\..\..\TESys\Property\Path_DeviceDriver.cpp">
      <Filter>TESys\Property</Filter>
    </ClCompile>
    <ClCompile Include="..\..\..\TESys\TED\PowerSource_TESys_TED.cpp">
      <Filter>TESys\TED\AAAAA</Filter>
    </ClCompile>
    <ClCompile Include="..\..\..\TESys\TED\VerifyBoard_TESys_TED.cpp">
      <Filter>TESys\TED\AAAAA</Filter>
    </ClCompile>
    <ClCompile Include="..\..\..\TESys\TED\ADC\Max11312.cpp">
      <Filter>TESys\TED\ADC</Filter>
    </ClCompile>
    <ClCompile Include="..\..\..\TESys\TED\ADC\Ina3221.cpp">
      <Filter>TESys\TED\ADC</Filter>
    </ClCompile>
    <ClCompile Include="..\..\..\TESys\TED\ADC\Max113xx.cpp">
      <Filter>TESys\TED\ADC</Filter>
    </ClCompile>
    <ClCompile Include="..\..\..\TESys\TED\ADC\Max11301.cpp">
      <Filter>TESys\TED\ADC</Filter>
    </ClCompile>
    <ClCompile Include="..\..\..\TESys\TED\DeviceDriver_TESys_TED.cpp">
      <Filter>TESys\TED\AAAAA</Filter>
    </ClCompile>
    <ClCompile Include="..\..\..\TESys\TED\DD\DSIM_TESys_TED_Display.cpp">
      <Filter>TESys\TED\DD</Filter>
    </ClCompile>
    <ClCompile Include="..\..\..\TESys\TED\DD\GraphicsFrameBuffer_TESys_TED_Display.cpp">
      <Filter>TESys\TED\DD</Filter>
    </ClCompile>
    <ClCompile Include="..\..\..\TESys\TED\Aging_TESys_TED.cpp">
      <Filter>TESys\TED\AAAAA</Filter>
    </ClCompile>
    <ClCompile Include="..\..\..\TESys\Property\PathDataAcq.cpp">
      <Filter>TESys\Property</Filter>
    </ClCompile>
    <ClCompile Include="..\..\..\TESys\TED\ANA670X_TESys_TED.cpp">
      <Filter>TESys\TED\AAAA-ANA670X</Filter>
    </ClCompile>
    <ClCompile Include="..\..\..\TESys\Control\OperatorFileSync.cpp">
      <Filter>TESys\Control\AAAA-Operator</Filter>
    </ClCompile>
    <ClCompile Include="..\..\..\TESys\Property\PatternDraw_TESys_Property.cpp">
      <Filter>TESys\Property</Filter>
    </ClCompile>
    <ClCompile Include="..\..\..\TESys\Control\TesterPatternDrawClient.cpp">
      <Filter>TESys\Control\AAAA-Tester</Filter>
    </ClCompile>
    <ClCompile Include="..\..\..\TESys\Control\OperatorDataAcqReceiver.cpp">
      <Filter>TESys\Control\AAAA-Operator</Filter>
    </ClCompile>
    <ClCompile Include="..\..\..\TESys\Control\OperatorDataProducerDataAcq.cpp">
      <Filter>TESys\Control\AAAA-Operator</Filter>
    </ClCompile>
    <ClCompile Include="..\..\..\TESys\Control\OperatorDataConsumerDataAcq.cpp">
      <Filter>TESys\Control\AAAA-Operator</Filter>
    </ClCompile>
    <ClCompile Include="..\..\..\TESys\Control\OperatorAgingMonitor.cpp">
      <Filter>TESys\Control\AAAA-Operator</Filter>
    </ClCompile>
    <ClCompile Include="..\..\..\TESys\Control\OperatorTesterMonitor.cpp">
      <Filter>TESys\Control\AAAA-Operator</Filter>
    </ClCompile>
    <ClCompile Include="..\..\..\TESys\Control\AgingMonitor_TESys_Control.cpp">
      <Filter>TESys\Control\AAAA-AgingMonitor</Filter>
    </ClCompile>
    <ClCompile Include="..\..\..\TESys\Control\AgingMonitor_Export.cpp">
      <Filter>TESys\Control\AAAA-AgingMonitor</Filter>
    </ClCompile>
    <ClCompile Include="..\..\..\TESys\TED\ANA6707_TESys_TED.cpp">
      <Filter>TESys\TED\AAAA-ANA670X</Filter>
    </ClCompile>
    <ClCompile Include="..\..\..\TESys\Property\TED_TESys_Property.cpp">
      <Filter>TESys\Property</Filter>
    </ClCompile>
    <ClCompile Include="..\..\..\TESys\TED\VerifyBoard_v2_1_ANA670X.cpp">
      <Filter>TESys\TED\AAAAA</Filter>
    </ClCompile>
    <ClCompile Include="..\..\..\TESys\TED\VerifyBoard_v2_1_Display.cpp">
      <Filter>TESys\TED\AAAAA</Filter>
    </ClCompile>
    <ClCompile Include="..\..\..\TESys\TED\VerifyBoard_v2_1_DriverPathADC.cpp">
      <Filter>TESys\TED\AAAAA</Filter>
    </ClCompile>
    <ClCompile Include="..\..\..\TESys\TED\VerifyBoard_v2_1_DriverPathDisplay.cpp">
      <Filter>TESys\TED\AAAAA</Filter>
    </ClCompile>
    <ClCompile Include="..\..\..\TESys\TED\VerifyBoard_v2_1.cpp">
      <Filter>TESys\TED\AAAAA</Filter>
    </ClCompile>
    <ClCompile Include="..\..\..\TESys\TED\VerifyBoard_v2_1_ADC.cpp">
      <Filter>TESys\TED\AAAAA</Filter>
    </ClCompile>
    <ClCompile Include="..\..\..\TESys\TED\VerifyBoard_v2_1_Aging.cpp">
      <Filter>TESys\TED\AAAAA</Filter>
    </ClCompile>
    <ClCompile Include="..\..\..\TESys\Data\Adc_TESys_Data.cpp">
      <Filter>TESys\Data\AAAAA</Filter>
    </ClCompile>
    <ClCompile Include="..\..\..\TESys\Data\DataAcqDB_Export.cpp">
      <Filter>TESys\Data\AAAAA</Filter>
    </ClCompile>
    <ClCompile Include="..\..\..\TESys\Data\DataAcqDB_ExportData.cpp">
      <Filter>TESys\Data\AAAAA</Filter>
    </ClCompile>
    <ClCompile Include="..\..\..\TESys\Data\DataAcqDB_TESys_Data.cpp">
      <Filter>TESys\Data\AAAAA</Filter>
    </ClCompile>
    <ClCompile Include="..\..\..\TESys\Data\DataAcqDBRaw_TESys_Data.cpp">
      <Filter>TESys\Data\AAAAA</Filter>
    </ClCompile>
    <ClCompile Include="..\..\..\TESys\Data\DataAcqDBRawExport.cpp">
      <Filter>TESys\Data\AAAAA</Filter>
    </ClCompile>
    <ClCompile Include="..\..\..\TESys\Data\DataAcqDBRawQuery.cpp">
      <Filter>TESys\Data\AAAAA</Filter>
    </ClCompile>
    <ClCompile Include="..\..\..\TESys\Data\DataAcqDBRawVerify.cpp">
      <Filter>TESys\Data\AAAAA</Filter>
    </ClCompile>
    <ClCompile Include="..\..\..\TESys\Data\Status_TESys_Data.cpp">
      <Filter>TESys\Data\AAAAA</Filter>
    </ClCompile>
    <ClCompile Include="..\..\..\TESys\Data\TesterError_TESys_Data.cpp">
      <Filter>TESys\Data\AAAAA</Filter>
    </ClCompile>
    <ClCompile Include="..\..\..\TESys\Data\Export\RawDB_TESys_Data_Export.cpp">
      <Filter>TESys\Data\Export</Filter>
    </ClCompile>
    <ClCompile Include="..\..\..\TESys\Data\Export\TEDCollection_TESys_Data_Export.cpp">
      <Filter>TESys\Data\Export</Filter>
    </ClCompile>
    <ClCompile Include="..\..\..\TESys\Data\Export\TED_TESys_Data_Export.cpp">
      <Filter>TESys\Data\Export</Filter>
    </ClCompile>
    <ClCompile Include="..\..\..\TESys\Property\PathControlShell.cpp">
      <Filter>TESys\Property</Filter>
    </ClCompile>
    <ClCompile Include="..\..\..\TESys\Data\Aging\Py_TESys_Data_Aging.cpp">
      <Filter>TESys\Data\Aging</Filter>
    </ClCompile>
    <ClCompile Include="..\..\..\TESys\Data\Aging\Tc_TESys_Data_Aging.cpp">
      <Filter>TESys\Data\Aging</Filter>
    </ClCompile>
    <ClCompile Include="..\..\..\TESys\Data\Aging\Sc_TESys_Data_Aging.cpp">
      <Filter>TESys\Data\Aging</Filter>
    </ClCompile>
    <ClCompile Include="..\..\..\TESys\Data\Aging\TcStep_TESys_Data_Aging.cpp">
      <Filter>TESys\Data\Aging</Filter>
    </ClCompile>
    <ClCompile Include="..\..\..\TESys\Data\Aging\Job_TESys_Data_Aging.cpp">
      <Filter>TESys\Data\Aging</Filter>
    </ClCompile>
    <ClCompile Include="..\..\..\TESys\Data\Aging\PyCollection_TESys_Data_Aging.cpp">
      <Filter>TESys\Data\Aging</Filter>
    </ClCompile>
    <ClCompile Include="..\..\..\TESys\TED\VerifyBoard_v2_1_LED.cpp">
      <Filter>TESys\TED\AAAAA</Filter>
    </ClCompile>
    <ClCompile Include="..\..\..\TESys\Data\Aging\TcStepExportCSV.cpp">
      <Filter>TESys\Data\Aging</Filter>
    </ClCompile>
    <ClCompile Include="..\..\..\TESys\Property\TesterPropertyErrorClass.cpp">
      <Filter>TESys\Property</Filter>
    </ClCompile>
    <ClCompile Include="..\..\..\TESys\Property\TesterPropertyStatusClass.cpp">
      <Filter>TESys\Property</Filter>
    </ClCompile>
    <ClCompile Include="..\..\..\TESys\Utils\VerifyTed_TESys_Utils.cpp">
      <Filter>TESys\Utils</Filter>
    </ClCompile>
    <ClCompile Include="..\..\..\TESys\DB\Join\TcStepList_TESys_DB_Join.cpp">
      <Filter>TESys\DB\Join</Filter>
    </ClCompile>
    <ClCompile Include="..\..\..\TESys\DB\Single\AdcBase_TESys_DB_Single.cpp">
      <Filter>TESys\DB\Single</Filter>
    </ClCompile>
    <ClCompile Include="..\..\..\TESys\DB\Single\AdcErr_TESys_DB_Single.cpp">
      <Filter>TESys\DB\Single</Filter>
    </ClCompile>
    <ClCompile Include="..\..\..\TESys\DB\Single\AdcExtA_TESys_DB_Single.cpp">
      <Filter>TESys\DB\Single</Filter>
    </ClCompile>
    <ClCompile Include="..\..\..\TESys\DB\Single\AdcExtV_TESys_DB_Single.cpp">
      <Filter>TESys\DB\Single</Filter>
    </ClCompile>
    <ClCompile Include="..\..\..\TESys\DB\Single\AdcLdoV_TESys_DB_Single.cpp">
      <Filter>TESys\DB\Single</Filter>
    </ClCompile>
    <ClCompile Include="..\..\..\TESys\DB\Single\AdcProp_TESys_DB_Single.cpp">
      <Filter>TESys\DB\Single</Filter>
    </ClCompile>
    <ClCompile Include="..\..\..\TESys\DB\Single\AdcRegV_TESys_DB_Single.cpp">
      <Filter>TESys\DB\Single</Filter>
    </ClCompile>
    <ClCompile Include="..\..\..\TESys\DB\Single\AdcSoutV_TESys_DB_Single.cpp">
      <Filter>TESys\DB\Single</Filter>
    </ClCompile>
    <ClCompile Include="..\..\..\TESys\DB\Single\Cpu_TESys_DB_Single.cpp">
      <Filter>TESys\DB\Single</Filter>
    </ClCompile>
    <ClCompile Include="..\..\..\TESys\DB\Single\DutPcb_TESys_DB_Single.cpp">
      <Filter>TESys\DB\Single</Filter>
    </ClCompile>
    <ClCompile Include="..\..\..\TESys\DB\Single\Hardware_TESys_DB_Single.cpp">
      <Filter>TESys\DB\Single</Filter>
    </ClCompile>
    <ClCompile Include="..\..\..\TESys\DB\Single\Job_TESys_DB_Single.cpp">
      <Filter>TESys\DB\Single</Filter>
    </ClCompile>
    <ClCompile Include="..\..\..\TESys\DB\Single\JobList_TESys_DB_Single.cpp">
      <Filter>TESys\DB\Single</Filter>
    </ClCompile>
    <ClCompile Include="..\..\..\TESys\DB\Single\Sc_TESys_DB_Single.cpp">
      <Filter>TESys\DB\Single</Filter>
    </ClCompile>
    <ClCompile Include="..\..\..\TESys\DB\Single\ScList_TESys_DB_Single.cpp">
      <Filter>TESys\DB\Single</Filter>
    </ClCompile>
    <ClCompile Include="..\..\..\TESys\DB\Single\SocPcb_TESys_DB_Single.cpp">
      <Filter>TESys\DB\Single</Filter>
    </ClCompile>
    <ClCompile Include="..\..\..\TESys\DB\Single\Software_TESys_DB_Single.cpp">
      <Filter>TESys\DB\Single</Filter>
    </ClCompile>
    <ClCompile Include="..\..\..\TESys\DB\Single\Tc_TESys_DB_Single.cpp">
      <Filter>TESys\DB\Single</Filter>
    </ClCompile>
    <ClCompile Include="..\..\..\TESys\DB\Single\TcList_TESys_DB_Single.cpp">
      <Filter>TESys\DB\Single</Filter>
    </ClCompile>
    <ClCompile Include="..\..\..\TESys\DB\Single\TcStep_TESys_DB_Single.cpp">
      <Filter>TESys\DB\Single</Filter>
    </ClCompile>
    <ClCompile Include="..\..\..\TESys\DB\Single\TcStepList_TESys_DB_Single.cpp">
      <Filter>TESys\DB\Single</Filter>
    </ClCompile>
    <ClCompile Include="..\..\..\TESys\DB\Single\Ted_TESys_DB_Single.cpp">
      <Filter>TESys\DB\Single</Filter>
    </ClCompile>
    <ClCompile Include="..\..\..\TESys\DB\Single\TedList_TESys_DB_Single.cpp">
      <Filter>TESys\DB\Single</Filter>
    </ClCompile>
    <ClCompile Include="..\..\..\TESys\DB\Property\Single_TESys_DB_Property.cpp">
      <Filter>TESys\DB\Property</Filter>
    </ClCompile>
    <ClCompile Include="..\..\..\TESys\DB\Utils\Join_TESys_DB_Utils.cpp">
      <Filter>TESys\DB\Utils</Filter>
    </ClCompile>
    <ClCompile Include="..\..\..\TESys\DB\Utils\Single_TESys_DB_Utils.cpp">
      <Filter>TESys\DB\Utils</Filter>
    </ClCompile>
    <ClCompile Include="..\..\..\TESys\DB\Join\List_TESys_DB_Join.cpp">
      <Filter>TESys\DB\Join</Filter>
    </ClCompile>
    <ClCompile Include="..\..\..\TESys\DB\Join\Table_TESys_DB_Join.cpp">
      <Filter>TESys\DB\Join</Filter>
    </ClCompile>
  </ItemGroup>
  <ItemGroup>
    <None Include="..\..\..\TESys\Android.mk">
      <Filter>TESys\AAAAAA</Filter>
    </None>
  </ItemGroup>
</Project>